{
  "version": 4,
  "terraform_version": "1.13.3",
  "serial": 15,
  "lineage": "f6ddb0f4-daf1-ffd3-21f2-bfefefd5fb66",
  "outputs": {},
  "resources": [
    {
      "mode": "data",
      "type": "azurerm_client_config",
      "name": "current",
      "provider": "provider[\"registry.terraform.io/hashicorp/azurerm\"]",
      "instances": [
        {
          "schema_version": 0,
          "attributes": {
            "client_id": "564cc7ee-ef08-475a-9e9a-9d8868e07e08",
            "id": "Y2xpZW50Q29uZmlncy9jbGllbnRJZD01NjRjYzdlZS1lZjA4LTQ3NWEtOWU5YS05ZDg4NjhlMDdlMDg7b2JqZWN0SWQ9NmU3NGE3NWUtYTg0Yi00YzBiLTk2NGYtNmZkMDdmZGY3NDhiO3N1YnNjcmlwdGlvbklkPTg3ZTk0YjFjLWNmYmQtNDFlYy1iYTYxLTcwNjE1YWUzY2YwMzt0ZW5hbnRJZD1iNDFiNzJkMC00ZTlmLTRjMjYtOGE2OS1mOTQ5ZjM2N2M5MWQ=",
            "object_id": "6e74a75e-a84b-4c0b-964f-6fd07fdf748b",
            "subscription_id": "87e94b1c-cfbd-41ec-ba61-70615ae3cf03",
            "tenant_id": "b41b72d0-4e9f-4c26-8a69-f949f367c91d",
            "timeouts": null
          },
          "sensitive_attributes": [],
          "identity_schema_version": 0
        }
      ]
    },
    {
      "mode": "data",
      "type": "azurerm_key_vault_secret",
      "name": "redis_pwd_secret",
      "provider": "provider[\"registry.terraform.io/hashicorp/azurerm\"]",
      "instances": [
        {
          "schema_version": 0,
          "attributes": {
            "content_type": "",
            "expiration_date": null,
            "id": "https://cmtr-2j1y6jsc-mod8-kv.vault.azure.net/secrets/redis-primary-key/d6b928bb968b47a58cdc03224f4d416e",
            "key_vault_id": "/subscriptions/87e94b1c-cfbd-41ec-ba61-70615ae3cf03/resourceGroups/cmtr-2j1y6jsc-mod8-rg/providers/Microsoft.KeyVault/vaults/cmtr-2j1y6jsc-mod8-kv",
            "name": "redis-primary-key",
            "not_before_date": null,
            "resource_id": "/subscriptions/87e94b1c-cfbd-41ec-ba61-70615ae3cf03/resourceGroups/cmtr-2j1y6jsc-mod8-rg/providers/Microsoft.KeyVault/vaults/cmtr-2j1y6jsc-mod8-kv/secrets/redis-primary-key/versions/d6b928bb968b47a58cdc03224f4d416e",
            "resource_versionless_id": "/subscriptions/87e94b1c-cfbd-41ec-ba61-70615ae3cf03/resourceGroups/cmtr-2j1y6jsc-mod8-rg/providers/Microsoft.KeyVault/vaults/cmtr-2j1y6jsc-mod8-kv/secrets/redis-primary-key",
            "tags": {},
            "timeouts": null,
            "value": "tkU6hEoXBve0K4F3ajSsOVRGuoyWuSAiZAzCaBUAyRU=",
            "version": "d6b928bb968b47a58cdc03224f4d416e",
            "versionless_id": "https://cmtr-2j1y6jsc-mod8-kv.vault.azure.net/secrets/redis-primary-key"
          },
          "sensitive_attributes": [
            [
              {
                "type": "get_attr",
                "value": "value"
              }
            ]
          ],
          "identity_schema_version": 0
        }
      ]
    },
    {
      "mode": "data",
      "type": "azurerm_key_vault_secret",
      "name": "redis_url_secret",
      "provider": "provider[\"registry.terraform.io/hashicorp/azurerm\"]",
      "instances": [
        {
          "schema_version": 0,
          "attributes": {
            "content_type": "",
            "expiration_date": null,
            "id": "https://cmtr-2j1y6jsc-mod8-kv.vault.azure.net/secrets/redis-hostname/8865fe712ddf4f2bbdd019c2de1d448d",
            "key_vault_id": "/subscriptions/87e94b1c-cfbd-41ec-ba61-70615ae3cf03/resourceGroups/cmtr-2j1y6jsc-mod8-rg/providers/Microsoft.KeyVault/vaults/cmtr-2j1y6jsc-mod8-kv",
            "name": "redis-hostname",
            "not_before_date": null,
            "resource_id": "/subscriptions/87e94b1c-cfbd-41ec-ba61-70615ae3cf03/resourceGroups/cmtr-2j1y6jsc-mod8-rg/providers/Microsoft.KeyVault/vaults/cmtr-2j1y6jsc-mod8-kv/secrets/redis-hostname/versions/8865fe712ddf4f2bbdd019c2de1d448d",
            "resource_versionless_id": "/subscriptions/87e94b1c-cfbd-41ec-ba61-70615ae3cf03/resourceGroups/cmtr-2j1y6jsc-mod8-rg/providers/Microsoft.KeyVault/vaults/cmtr-2j1y6jsc-mod8-kv/secrets/redis-hostname",
            "tags": {},
            "timeouts": null,
            "value": "cmtr-2j1y6jsc-mod8-redis.redis.cache.windows.net",
            "version": "8865fe712ddf4f2bbdd019c2de1d448d",
            "versionless_id": "https://cmtr-2j1y6jsc-mod8-kv.vault.azure.net/secrets/redis-hostname"
          },
          "sensitive_attributes": [
            [
              {
                "type": "get_attr",
                "value": "value"
              }
            ]
          ],
          "identity_schema_version": 0
        }
      ]
    },
    {
      "mode": "managed",
      "type": "azurerm_resource_group",
      "name": "rg",
      "provider": "provider[\"registry.terraform.io/hashicorp/azurerm\"]",
      "instances": [
        {
          "schema_version": 0,
          "attributes": {
            "id": "/subscriptions/87e94b1c-cfbd-41ec-ba61-70615ae3cf03/resourceGroups/cmtr-2j1y6jsc-mod8-rg",
            "location": "eastus",
            "managed_by": "",
            "name": "cmtr-2j1y6jsc-mod8-rg",
            "tags": {
              "Creator": "ioann_dubinets@epam.com"
            },
            "timeouts": null
          },
          "sensitive_attributes": [],
          "identity_schema_version": 0,
          "private": "eyJlMmJmYjczMC1lY2FhLTExZTYtOGY4OC0zNDM2M2JjN2M0YzAiOnsiY3JlYXRlIjo1NDAwMDAwMDAwMDAwLCJkZWxldGUiOjU0MDAwMDAwMDAwMDAsInJlYWQiOjMwMDAwMDAwMDAwMCwidXBkYXRlIjo1NDAwMDAwMDAwMDAwfX0="
        }
      ]
    },
    {
      "mode": "managed",
      "type": "null_resource",
      "name": "run_acr_build_task",
      "provider": "provider[\"registry.terraform.io/hashicorp/null\"]",
      "instances": [
        {
          "status": "tainted",
          "schema_version": 0,
          "attributes": {
            "id": "2747599559764752539",
            "triggers": null
          },
          "sensitive_attributes": [],
          "identity_schema_version": 0,
          "dependencies": [
            "azurerm_resource_group.rg",
            "module.acr.azurerm_container_registry.acr",
            "module.acr.azurerm_container_registry_task.build_app"
          ]
        }
      ]
    },
    {
      "module": "module.acr",
      "mode": "managed",
      "type": "azurerm_container_registry",
      "name": "acr",
      "provider": "provider[\"registry.terraform.io/hashicorp/azurerm\"]",
      "instances": [
        {
          "schema_version": 2,
          "attributes": {
            "admin_enabled": true,
            "admin_password": "jCsD/NhBzDUR2dQ2/S0mDNJ10KDjRKtFdYgR7ezrmI+ACRAesSSA",
            "admin_username": "cmtr2j1y6jscmod8cr",
            "anonymous_pull_enabled": false,
            "data_endpoint_enabled": false,
            "encryption": [
              {
                "enabled": false,
                "identity_client_id": "",
                "key_vault_key_id": ""
              }
            ],
            "export_policy_enabled": true,
            "georeplications": [],
            "id": "/subscriptions/87e94b1c-cfbd-41ec-ba61-70615ae3cf03/resourceGroups/cmtr-2j1y6jsc-mod8-rg/providers/Microsoft.ContainerRegistry/registries/cmtr2j1y6jscmod8cr",
            "identity": [],
            "location": "eastus",
            "login_server": "cmtr2j1y6jscmod8cr.azurecr.io",
            "name": "cmtr2j1y6jscmod8cr",
            "network_rule_bypass_option": "AzureServices",
            "network_rule_set": [],
            "public_network_access_enabled": true,
            "quarantine_policy_enabled": false,
            "resource_group_name": "cmtr-2j1y6jsc-mod8-rg",
            "retention_policy": [
              {
                "days": 7,
                "enabled": false
              }
            ],
            "sku": "Basic",
            "tags": {
              "Creator": "ioann_dubinets@epam.com"
            },
            "timeouts": null,
            "trust_policy": [
              {
                "enabled": false
              }
            ],
            "zone_redundancy_enabled": false
          },
          "sensitive_attributes": [
            [
              {
                "type": "get_attr",
                "value": "admin_password"
              }
            ]
          ],
          "identity_schema_version": 0,
          "private": "eyJlMmJmYjczMC1lY2FhLTExZTYtOGY4OC0zNDM2M2JjN2M0YzAiOnsiY3JlYXRlIjoxODAwMDAwMDAwMDAwLCJkZWxldGUiOjE4MDAwMDAwMDAwMDAsInJlYWQiOjMwMDAwMDAwMDAwMCwidXBkYXRlIjoxODAwMDAwMDAwMDAwfSwic2NoZW1hX3ZlcnNpb24iOiIyIn0=",
          "dependencies": [
            "azurerm_resource_group.rg"
          ]
        }
      ]
    },
    {
      "module": "module.acr",
      "mode": "managed",
      "type": "azurerm_container_registry_task",
      "name": "build_app",
      "provider": "provider[\"registry.terraform.io/hashicorp/azurerm\"]",
      "instances": [
        {
          "schema_version": 0,
          "attributes": {
            "agent_pool_name": "",
            "agent_setting": [],
            "base_image_trigger": [],
            "container_registry_id": "/subscriptions/87e94b1c-cfbd-41ec-ba61-70615ae3cf03/resourceGroups/cmtr-2j1y6jsc-mod8-rg/providers/Microsoft.ContainerRegistry/registries/cmtr2j1y6jscmod8cr",
            "docker_step": [
              {
                "arguments": null,
                "cache_enabled": true,
                "context_access_token": "2GypxUUXHmzERQioLPGr",
                "context_path": "https://git.epam.com/ioann_dubinets/task08.git#main:application",
                "dockerfile_path": "Dockerfile",
                "image_names": [
                  "cmtr-2j1y6jsc-mod8-app:latest"
                ],
                "push_enabled": true,
                "secret_arguments": null,
                "target": ""
              }
            ],
            "enabled": true,
            "encoded_step": [],
            "file_step": [],
            "id": "/subscriptions/87e94b1c-cfbd-41ec-ba61-70615ae3cf03/resourceGroups/cmtr-2j1y6jsc-mod8-rg/providers/Microsoft.ContainerRegistry/registries/cmtr2j1y6jscmod8cr/tasks/cmtr-2j1y6jsc-mod8-build-task",
            "identity": [],
            "is_system_task": false,
            "log_template": "",
            "name": "cmtr-2j1y6jsc-mod8-build-task",
            "platform": [
              {
                "architecture": "",
                "os": "Linux",
                "variant": ""
              }
            ],
            "registry_credential": [],
            "source_trigger": [],
            "tags": null,
            "timeout_in_seconds": 3600,
            "timeouts": null,
            "timer_trigger": []
          },
          "sensitive_attributes": [
            [
              {
                "type": "get_attr",
                "value": "docker_step"
              },
              {
                "type": "index",
                "value": {
                  "value": 0,
                  "type": "number"
                }
              },
              {
                "type": "get_attr",
                "value": "context_access_token"
              }
            ],
            [
              {
                "type": "get_attr",
                "value": "docker_step"
              },
              {
                "type": "index",
                "value": {
                  "value": 0,
                  "type": "number"
                }
              },
              {
                "type": "get_attr",
                "value": "secret_arguments"
              }
            ]
          ],
          "identity_schema_version": 0,
          "private": "eyJlMmJmYjczMC1lY2FhLTExZTYtOGY4OC0zNDM2M2JjN2M0YzAiOnsiY3JlYXRlIjoxODAwMDAwMDAwMDAwLCJkZWxldGUiOjE4MDAwMDAwMDAwMDAsInJlYWQiOjMwMDAwMDAwMDAwMCwidXBkYXRlIjoxODAwMDAwMDAwMDAwfX0=",
          "dependencies": [
            "azurerm_resource_group.rg",
            "module.acr.azurerm_container_registry.acr"
          ]
        }
      ]
    },
    {
      "module": "module.aks",
      "mode": "managed",
      "type": "azurerm_key_vault_access_policy",
      "name": "aks_kv_access",
      "provider": "provider[\"registry.terraform.io/hashicorp/azurerm\"]",
      "instances": [
        {
          "schema_version": 0,
          "attributes": {
            "application_id": null,
            "certificate_permissions": null,
            "id": "/subscriptions/87e94b1c-cfbd-41ec-ba61-70615ae3cf03/resourceGroups/cmtr-2j1y6jsc-mod8-rg/providers/Microsoft.KeyVault/vaults/cmtr-2j1y6jsc-mod8-kv/objectId/7a5b8dc8-7263-4728-859e-319f8b5e801b",
            "key_permissions": null,
            "key_vault_id": "/subscriptions/87e94b1c-cfbd-41ec-ba61-70615ae3cf03/resourceGroups/cmtr-2j1y6jsc-mod8-rg/providers/Microsoft.KeyVault/vaults/cmtr-2j1y6jsc-mod8-kv",
            "object_id": "7a5b8dc8-7263-4728-859e-319f8b5e801b",
            "secret_permissions": [
              "Get",
              "List"
            ],
            "storage_permissions": null,
            "tenant_id": "b41b72d0-4e9f-4c26-8a69-f949f367c91d",
            "timeouts": null
          },
          "sensitive_attributes": [],
          "identity_schema_version": 0,
          "private": "eyJlMmJmYjczMC1lY2FhLTExZTYtOGY4OC0zNDM2M2JjN2M0YzAiOnsiY3JlYXRlIjoxODAwMDAwMDAwMDAwLCJkZWxldGUiOjE4MDAwMDAwMDAwMDAsInJlYWQiOjMwMDAwMDAwMDAwMCwidXBkYXRlIjoxODAwMDAwMDAwMDAwfX0=",
          "dependencies": [
            "azurerm_resource_group.rg",
            "data.azurerm_client_config.current",
            "module.acr.azurerm_container_registry.acr",
            "module.acr.azurerm_container_registry_task.build_app",
            "module.aks.azurerm_kubernetes_cluster.aks",
            "module.keyvault.azurerm_key_vault.kv",
            "module.keyvault.azurerm_key_vault_access_policy.current_user"
          ]
        }
      ]
    },
    {
      "module": "module.aks",
      "mode": "managed",
      "type": "azurerm_kubernetes_cluster",
      "name": "aks",
      "provider": "provider[\"registry.terraform.io/hashicorp/azurerm\"]",
      "instances": [
        {
          "schema_version": 2,
          "attributes": {
            "aci_connector_linux": [],
            "api_server_access_profile": [],
            "api_server_authorized_ip_ranges": [],
            "auto_scaler_profile": [],
            "automatic_channel_upgrade": "",
            "azure_active_directory_role_based_access_control": [],
            "azure_policy_enabled": false,
            "confidential_computing": [],
            "cost_analysis_enabled": false,
            "current_kubernetes_version": "1.32.7",
            "custom_ca_trust_certificates_base64": null,
            "default_node_pool": [
              {
                "capacity_reservation_group_id": "",
                "custom_ca_trust_enabled": false,
                "enable_auto_scaling": false,
                "enable_host_encryption": false,
                "enable_node_public_ip": false,
                "fips_enabled": false,
                "gpu_instance": "",
                "host_group_id": "",
                "kubelet_config": [],
                "kubelet_disk_type": "OS",
                "linux_os_config": [],
                "max_count": 0,
                "max_pods": 250,
                "message_of_the_day": "",
                "min_count": 0,
                "name": "system",
                "node_count": 1,
                "node_labels": {},
                "node_network_profile": [],
                "node_public_ip_prefix_id": "",
                "node_taints": null,
                "only_critical_addons_enabled": false,
                "orchestrator_version": "1.32",
                "os_disk_size_gb": 128,
                "os_disk_type": "Managed",
                "os_sku": "Ubuntu",
                "pod_subnet_id": "",
                "proximity_placement_group_id": "",
                "scale_down_mode": "Delete",
                "snapshot_id": "",
                "tags": null,
                "temporary_name_for_rotation": "",
                "type": "VirtualMachineScaleSets",
                "ultra_ssd_enabled": false,
                "upgrade_settings": [
                  {
                    "drain_timeout_in_minutes": 0,
                    "max_surge": "10%",
                    "node_soak_duration_in_minutes": 0
                  }
                ],
                "vm_size": "Standard_D2ads_v6",
                "vnet_subnet_id": "",
                "workload_runtime": "",
                "zones": null
              }
            ],
            "disk_encryption_set_id": "",
            "dns_prefix": "cmtr-2j1y6jsc-mod8-aks-dns",
            "dns_prefix_private_cluster": "",
            "edge_zone": "",
            "enable_pod_security_policy": false,
            "fqdn": "cmtr-2j1y6jsc-mod8-aks-dns-ywh3zdb0.hcp.eastus.azmk8s.io",
            "http_application_routing_enabled": false,
            "http_application_routing_zone_name": "",
            "http_proxy_config": [],
            "id": "/subscriptions/87e94b1c-cfbd-41ec-ba61-70615ae3cf03/resourceGroups/cmtr-2j1y6jsc-mod8-rg/providers/Microsoft.ContainerService/managedClusters/cmtr-2j1y6jsc-mod8-aks",
            "identity": [
              {
                "identity_ids": null,
                "principal_id": "7a5b8dc8-7263-4728-859e-319f8b5e801b",
                "tenant_id": "b41b72d0-4e9f-4c26-8a69-f949f367c91d",
                "type": "SystemAssigned"
              }
            ],
            "image_cleaner_enabled": false,
            "image_cleaner_interval_hours": 48,
            "ingress_application_gateway": [],
            "key_management_service": [],
            "key_vault_secrets_provider": [
              {
                "secret_identity": [
                  {
                    "client_id": "0ea28ab1-7e69-4746-b636-420a880b449c",
                    "object_id": "11cb668e-3f79-4c5e-ba76-c145801ec984",
                    "user_assigned_identity_id": "/subscriptions/87e94b1c-cfbd-41ec-ba61-70615ae3cf03/resourcegroups/MC_cmtr-2j1y6jsc-mod8-rg_cmtr-2j1y6jsc-mod8-aks_eastus/providers/Microsoft.ManagedIdentity/userAssignedIdentities/azurekeyvaultsecretsprovider-cmtr-2j1y6jsc-mod8-aks"
                  }
                ],
                "secret_rotation_enabled": true,
                "secret_rotation_interval": "2m"
              }
            ],
            "kube_admin_config": [],
            "kube_admin_config_raw": "",
            "kube_config": [
              {
                "client_certificate": "LS0tLS1CRUdJTiBDRVJUSUZJQ0FURS0tLS0tCk1JSUZIakNDQXdhZ0F3SUJBZ0lSQUtkb2wzdkhUN2lVbE9xdjhoYnBSSEF3RFFZSktvWklodmNOQVFFTEJRQXcKRFRFTE1Ba0dBMVVFQXhNQ1kyRXdIaGNOTWpVeE1ERTRNVGt6T0RRMVdoY05NamN4TURFNE1UazBPRFExV2pBdwpNUmN3RlFZRFZRUUtFdzV6ZVhOMFpXMDZiV0Z6ZEdWeWN6RVZNQk1HQTFVRUF4TU1iV0Z6ZEdWeVkyeHBaVzUwCk1JSUNJakFOQmdrcWhraUc5dzBCQVFFRkFBT0NBZzhBTUlJQ0NnS0NBZ0VBdHM0YVdJcUVzNnhzWVkrb2pieFUKY01hekUyditOYlA5Q0JhL28renNaQWxMOFJISEFwWUYxdmx0Vy9tWGNZWVB1TVREb2UzekZQVUFza0xWbXh6SQpCclR5bkhCaWsxNVlyRGFKSHorbyt3eXM2MVk5WGxGT3lwQWN4Z3AvYnRGSC9iVFM1Z1JMa3p5NWhxcFI1TEV3CldyMUF6bkhRTGJsNUdNc2puR1BBZ29tNTNyN3VhcjBXaTJCU0ZmWk5qSWtXUjJqTmQrNXh0b0hYOW9NbldtazcKdHlYKzdRVmYvY2Vxd3BpZWJZQzhCSk9sUytxK0g3b1pTU2pJOE1kL2FWOGZRem5xMWcyWVhITWhLRzFCK2p2dQpiUGpJNkpoTXpRTktOcUhxcjc5UUVkbkZCY0tiV01DUWFmck83UUROOGRZV0VjVjZiTVZ3bjJMOG9mZUxxMk04Cm8rcTNlQUEyT3VGQ0hsV0V4K0FKOEpsNmhpUzJKVzJzK1NoNlJQU2NZMmRvYWZ0RDd2LytxMjlsZHB1NnF1ekwKMkJTeHZzZmY5WmhyMHBWUVpreDNwN3pTOFQ0Z3hhMkJMbko5aGdKbHg3MXhyUktaNzVvbkhncTlQU290YTkrQgpxWlpsMU1FTGs0bHRGOHEyR2tqcUFhL2xQbjV0a3dKZ1hHVjRlVmlUQVJFUms3VFFVbm5LOU1jaGJKT0lESkE2Cm1yd2ZrY0ErUVdvOE5seFJPOUZkQjNManVJZDJrK01SaHVQaERhZzFDZ29UaHh2OVhCUXdsSEpKNGljN0lqODMKRUJBMFVIWDlzZWJlOXIxSGhhVEtGMnp5RjRoWVd1VUVmQWZ5VFJQa0h5TkVpWm40WkNEY0JtZVJPUjFOOTluYwp0bnpzZWtyWlZ4dk9VdXJlcE42YWdLc0NBd0VBQWFOV01GUXdEZ1lEVlIwUEFRSC9CQVFEQWdXZ01CTUdBMVVkCkpRUU1NQW9HQ0NzR0FRVUZCd01DTUF3R0ExVWRFd0VCL3dRQ01BQXdId1lEVlIwakJCZ3dGb0FVMVJiN1VDbmoKbitLWnJCVFIxaHBBSjJCSzk1NHdEUVlKS29aSWh2Y05BUUVMQlFBRGdnSUJBS1dyajlRZGVaaWQxWlYyYWlobApIT3I2bXFLMk5EMmNxTnRFczExeElZekNmd0VJWW5nNFA3ZEdocFNXL2JLU1c3aS9GNjM4UGtGdWloeXZ2OVlNCmhhR2V4UlczcFpaV3o2SWthb1hYdnNqK05XZjNxVk42MGR0K3NqczdqaXZCd1JNVHM2QkFEYlNFOGlHQVhxd1oKOHJtRkFMMG85eFZkQlNzS05XNWUySDQzYk15S2k3aGxjTUh4TGt0SlJGRUNGSG9qMDZkSGM5YUpPeXR4YkdDVAozQ1NGTUh2bFVpM2ZqS2dCa1Q2bkFOanZiYjdRLzkwM2RhUjZQbllJL1ZrRUh4dEpYMzhoTWxOQjQ4Q0t5eUJVCk5XRnJwZE1aZVBSZW14a253UE1MSGh1anhIblQ0T1Z6ajljcjk1KzhGTERuMG9xWTNYK1BmMExmYmNrd3hpZ2oKREZDd2lrbURiT0YzbVFwdFcvb1k5V1VsRG1UTkpvVDMxK0RocUNCZ0h5Ykc3WWhVL0JWME9BcUQ5YnBrMkVaZgplaHlaNHFWY0tXVjRjWnFqakp2aXVsQ2dmWVBvK3YzM1RYN1dnNkpReTdUTWRkQ1lha05RbWZEZlZtMXVFYXJ4CmtVVlZGQUMycmhIUzNaaTY5d1pDRUdNYUdBTUh6bTRjeVFLblNZK0ovOWMwcnBvNWNGc1Evck82U01aTFpxZm8KbEdjMXFnYUdPZWxkMUQwbjZ4dTBWNmRkT3FBYmdyMzhWTDh5czlsbVlKeVFOYjJ2ZmR5RmZ6dTM0Q3ZESllSZwo0NVZyU1ltUW1nOGRVUGRjS0lrdjVrbGN0VmdXRXpYRnBvdzV3UXlneVVtNDdxM1pxejIzdmVockx4Y0ZsZlV6Ci9YSkdmekhBVnZRaTZ0Z3pBeGsyZXFiagotLS0tLUVORCBDRVJUSUZJQ0FURS0tLS0tCg==",
                "client_key": "LS0tLS1CRUdJTiBSU0EgUFJJVkFURSBLRVktLS0tLQpNSUlKS2dJQkFBS0NBZ0VBdHM0YVdJcUVzNnhzWVkrb2pieFVjTWF6RTJ2K05iUDlDQmEvbyt6c1pBbEw4UkhICkFwWUYxdmx0Vy9tWGNZWVB1TVREb2UzekZQVUFza0xWbXh6SUJyVHluSEJpazE1WXJEYUpIeitvK3d5czYxWTkKWGxGT3lwQWN4Z3AvYnRGSC9iVFM1Z1JMa3p5NWhxcFI1TEV3V3IxQXpuSFFMYmw1R01zam5HUEFnb201M3I3dQphcjBXaTJCU0ZmWk5qSWtXUjJqTmQrNXh0b0hYOW9Nbldtazd0eVgrN1FWZi9jZXF3cGllYllDOEJKT2xTK3ErCkg3b1pTU2pJOE1kL2FWOGZRem5xMWcyWVhITWhLRzFCK2p2dWJQakk2SmhNelFOS05xSHFyNzlRRWRuRkJjS2IKV01DUWFmck83UUROOGRZV0VjVjZiTVZ3bjJMOG9mZUxxMk04bytxM2VBQTJPdUZDSGxXRXgrQUo4Smw2aGlTMgpKVzJzK1NoNlJQU2NZMmRvYWZ0RDd2LytxMjlsZHB1NnF1ekwyQlN4dnNmZjlaaHIwcFZRWmt4M3A3elM4VDRnCnhhMkJMbko5aGdKbHg3MXhyUktaNzVvbkhncTlQU290YTkrQnFaWmwxTUVMazRsdEY4cTJHa2pxQWEvbFBuNXQKa3dKZ1hHVjRlVmlUQVJFUms3VFFVbm5LOU1jaGJKT0lESkE2bXJ3ZmtjQStRV284Tmx4Uk85RmRCM0xqdUlkMgprK01SaHVQaERhZzFDZ29UaHh2OVhCUXdsSEpKNGljN0lqODNFQkEwVUhYOXNlYmU5cjFIaGFUS0YyenlGNGhZCld1VUVmQWZ5VFJQa0h5TkVpWm40WkNEY0JtZVJPUjFOOTluY3RuenNla3JaVnh2T1V1cmVwTjZhZ0tzQ0F3RUEKQVFLQ0FnQUdraDFJKzNST1Q2OU1TUnYzanUwV0ZLajcxTHVSZGU1dGE2dm9iNEZidUgzVFQzUHd6WVd1TnM3NApmd2lJMnhjV1BzbXRZMTZEd3FsZ3Z2THJTQkNQTlNmWFR3UXNEemh1dXVodU1zZnNlNFhTVVFvKy9xWGFDc05qClZ2TkNWTXdhcHNwQjNGRC9ITnFxVXRXWXU4bTZLVDFRR1FVdzc0N0JGbVFwb0pMd2lPb2hHSW5SLzdQMHZ6bnAKY2kzOWFZYTBldzdrOWJGK3JEektycElyNGh2SnR5MlU4Qnd3TDJJZGxvWWQ5NEpLbVNnQzM1QXY3R3pibFZkaApBdVZsMnpad3l5blJiSWNDZVFlWWFyejBDcWdhUzAybGEvd0VEbm5pRnRYWENyQmlib3B5RjQ3NmxMUUcxZGk1CmxNMTg3aTROa005Q3VQZHJDSkFveU9ZVisxT0M4b2d5akFoWDRZbjZ3bEM4ZEhTaU4wWkxXQ1Jpc3VXSVZrRVoKQkNrUkFsMURWdURlREk5S1lXWUgrNzNYZ2RFc3R1d2NSdkxxUFBTOGtCL3pLYUM3blRCb3NEOGdsSVZuUkRBSApTWi9SNVFmUHhqckJIc2hHbW9KdzJIeElXcDltOUtaaWFHaVB5elZTcUNQcCtWYkNPb2cxVFpRL3V1RVFRU2xwCkRGYTlYTlZoTTMxNWlhTjQ0U2VJN0ZNUWdxaFZ3aDB4b1ZBN2RvbFZML2RhcWJzVkVCU3pURnp4U0hQZ2VFYWsKVU05ZkE1cUd2eTl1ZXVnNXZ2eE1XRmp5RzlxYS9wNXhvQW1MSU41MUF3NDh6TzU3eXF1WGhjNE1TTGhLNXEvego1OHplYUMvaU9ic0FGcDBmalM4ZitGWUJFbk1WV0pxSXUzMWxyRC9YVWI4bjhrRzRtUUtDQVFFQTdpenozVnByCnRmWUdQZnNpdVBsdFQ5aGlBUHVNV1BhQUlCTGVTUzlIaTIxRGZnQ2h4eFBsSDIyT3I1ZDJiSkZWbisvRG1xeW4KV1ZlNnpPdldPR1FsTlhXUHVaRmxFY3NtZGZiSDd5SW1DbEZaMGF4YStGeFFWb09rN0lKMko0YllnMjFUOXdTMwpicm5tNXhYd2lhU0N4WWpIVzZLNGNTYVlyRHFiTUJTZXRMa0tjazRmZnJVVDRXclFncDJ2UEc2OXB4Uk1sakVICkVUNUc4bVpXblNnUzAwUzJxMHlBcXBPOEdabkZZUGYzMkpFdmF1NlpSUklBNDZGcGM5NUNUWFNJZjMrWFoweTkKSDk4ZHBkL0Mza2l2dUhsTUNDMnh6OU9Uckh5a1lXN1RhWEM1dEF2VEJ3YkNWRElkR3J4N1RRR2U0WTNyNVBDSApwaHFYUWVEaXhjejlsUUtDQVFFQXhIeFgvVTQzWFRya0psOUpoUHhNaHAzVjYxSDJTdXFBbHpvWFBLMmtqNDIyCkpDQ3R3RUI5SXRMcVRUMGRiVFY5TVdZWCtBQnRBK1Biam1DbjBMV3BYc0VlOENHWlg5VmFPWWh0KytNM3I2NDkKRkdMN3EwLysvakRsL0xQMkJNMTVGQ0VSaDRXRC9wejJzcnVTb0YxWHB3dGdUUjJGYk9Ea0REdVFGY0NaWlc0VwpDd3d0RUZrcDk0YnQ4djdHNnBTVFkzbklpRWwrY0dFS01BSUN3UW83bXpEem5lZDF5QWhTNSs4eEoyNWJGSXNJCjNKM1pSSTVDTmJpOGxvaFV3UzFvcld1MEhXRlE5ZXRTVU9jdHc4dEMyUVJpVEJZQXN3Z282WENyQVkrdVhCVWQKM0FLY2NlaVhpa3ZTTk5uYStaWGpsZ1ZvTGF5eUovci9hSzFNM1hkMVB3S0NBUUVBcHk1aWx2T0xPNVJQMlYzWQpoNko5T2xpV29qM3Z5OXBySVJoZGMxMStpTDNQYkRpaFZnMysvRXA0cDRSWG1lbUNBdHZYbjFDbHZ5NjNiblAwClVHenJPVlVsNTRuSk9lNHhOd2hjV3R6TGV0NlRmM3ZOOXh0RlFSVHl4UmptT3VTS1FlYVIwNGc2QWJ6MytTa0wKU0hKellKaWI1eFNYQnNXaTBQSHFVSnVJc3k1WHlOaFJmeTAzb1RqSzE0UTdwdDNNdmVTZnhhVHdZd2dsNEt3NQpDK00vSTVETjcvdXBMUks2Sy9ZbDkrVFcwZXRITDNYL205NEJSY2JkTUhuSWJIbnAvaVRmYjZFTDk3MHpJR1dxCmNVRHdKenJ0UmFoZGNaWC95RWxOVVI3cndzMWZiS1FJSXB4NTk0T2RybEN5OCtDNVYzVzVLV0EwdDBGZS90ME8KRU8zTTZRS0NBUUVBcG1pdFdPSnlyMm9lS29XUFRhc2s0T295Yi8vVnVYTk1mMGY2d0RCTWJDeFlNOWJkY1RMdApDSjViUkJsYm44K3FmVGo3V2RaNmZjM3dlSEJTRU1pYWJwN2ZKZjgrMTlScGVzcWFZN2YzeExtc0QyVVp3dWlZCmpRNDY2c0E3djZ1S1BVc1lmby9NejhwK2diZXRJbGFMMHZVbWxZbElKSU4vZ1FDOU1qOFJhNzlGdWd1UTZ3U3AKTDNPK2VZdmdTbktWTmEzQjhmTlV1N2JrR3U3SkNGY3pUbWV5SEcwWTZ0WnA2UGRDeVNPRXppeEcwQnA4RmJ6cQpSSGQyZVlOelRMeTVxQTdNMkFsQXVWYVpPOTNmZTdEZHA5RTNzenI3VXFXNWlLUWNvTkRnbWlwa1JKNk5nMGU3CmVLeG9sc3hmMGZ4cGFQaWhWL1dvV1lZUjVNVEprZFFIbndLQ0FRRUEwN1NKUCtuREhEZ1hFQzkrbGRLc1g2S0gKOFJDVDk1VWFpSVZ0MDZzQ01mZk9jdHZlbFpUZG5SM1JWZkxCK0xhbEtjRWJqSGZKWExYSEFvUVpqSlpTTFhuOQp4R3ZvOEk4RDZXYnRJUFJqbDBNTFUwOWQrMHZSc2FCNUpXTGF2R2xGZFlMdE01NmNCVDFybUhMYmpvUldsMVlICmdaRWIxcUgyVkRxSStwYitxQUxxNWxBOE9kazE1dnNOOVBhQmpWSXh1cC9DSnpwRDFpRDUxL3ZXMkZaVFRxTEUKY1hvTDBBRERCbGlKLzdXMk5FbTVIZStuRktUcFFEamZmaUFYOEYzSWdDbUJqNnVUZ0VXQ0NXU2hoa29JalJhVQoxMjhkMU85RlYzcldoSlU0UjlRRzE0aEl4R2dBbU1TaWxDaGE3dlZhdjRWc2lPVTJrRnhPbGhVK292NmZ0QT09Ci0tLS0tRU5EIFJTQSBQUklWQVRFIEtFWS0tLS0tCg==",
                "cluster_ca_certificate": "LS0tLS1CRUdJTiBDRVJUSUZJQ0FURS0tLS0tCk1JSUU2RENDQXRDZ0F3SUJBZ0lRUk9wRXNIZUtlWnhhY3FEcDg1R0ZpVEFOQmdrcWhraUc5dzBCQVFzRkFEQU4KTVFzd0NRWURWUVFERXdKallUQWdGdzB5TlRFd01UZ3hPVE00TkRWYUdBOHlNRFUxTVRBeE9ERTVORGcwTlZvdwpEVEVMTUFrR0ExVUVBeE1DWTJFd2dnSWlNQTBHQ1NxR1NJYjNEUUVCQVFVQUE0SUNEd0F3Z2dJS0FvSUNBUUN3CklxTWYwYXE4clF5WmtJRms4M2JVS21mNWRCVTlobTFoM09sQ21LT0lleU1WaTNvSzJqSEUrdEcxc2xnbUZRcGEKYzdTYkQ3ZlVORnZrK1I1ZXczV2hYcDFXTkVkYUdqbDRBclFDS2MzQWxXNFdaVnE2Yk1GdldGU2RVUGc3S3ZITgpTeU50ZVNwZXlmTVJFYWNqeXk3VnJ4dWxSMGgrb0E5QjRaMXNja2t6RTFYaVZjSldyK3NzNTJ1QjMrT2t5cnU4CnZabTJNbHFrSVlMWFJTWjQ2aDIzemZkR2gwQnZiUVp0QXZ4cDlTR2VEdnlNclhnUE85dWZjbVowblhDMXhQM04KTUFTeE8ydEkrcEsxbjduanZ0WnkrMTFMTnd4QWtHdEVSbzhLc3dyZE4xVDNhRzdnMTdaelU4NE9Tem5IODZSUgpxQUtjdytSaHI0cFZSbjBEVFd5WHduR3FrZU1KczlNUitRMENQcXdMeUNnd2RncW5PZ1gvNTgwNUdFOG9JTFdzCktrN1ZqUnJvam1Jb3NsOC9sbDBaM1VLTkNSdFh1M3JGNlJUNWJoN29qYW1uYjBaWk84c2RzMnE1Z3RoVWdaQmoKcG1ua1JKVTR6UFdHTW9xRDZBeFNPVlo3TWs2aVNOTEdsek01WVpVSjRXZGIwRkxsRTgyS1ZLVEExWjBES3lBRgptSHhCVk80Q0xLZ2htaVlxQngxWEVKc3MyLzRMMEFrR3NOTkJXZnVVMGhZc2ZmaFl4RFg1djlIM3Z5TmxJUWxQCk14QjNBUDh2eW9XZVJrN0JNRUdBbkVNeXBuYWd5U1c5d0hiRVZCUEs3OWV3Ukl3UUFEMk1wazI5eWNoQlc2MmgKWmJuRU4vTEd0WVZFUXpGSHhrR3V0YXROUmZrc0tlQjNNanN2MnRMNWR3SURBUUFCbzBJd1FEQU9CZ05WSFE4QgpBZjhFQkFNQ0FxUXdEd1lEVlIwVEFRSC9CQVV3QXdFQi96QWRCZ05WSFE0RUZnUVUxUmI3VUNuam4rS1pyQlRSCjFocEFKMkJLOTU0d0RRWUpLb1pJaHZjTkFRRUxCUUFEZ2dJQkFHZHlpaUNrbFlEQmgwTjlaUUJtNXNNeTFEUVYKZG1ta1VWME5raVRqb0dIZ2FZU3NWTmJ4aVJqOHVzQ3ZNQlVJdTdNc0hzN1hNV1JJb0xINWtYR0dybFl6Qm5VTgpFYUQ3Y0lqWlN3UTFLT1N2em5nSGgwUTFWelBlVU0xcm16VHNKd29xWVNaelJtdXJpYU8zNUFONUltbzIxVThqCnZGQ1dHcXU5cHhTcUJpMUk0V2NkaWs1OTVvcUx6em92Z2Z6ZVRwNmliQ0FHMDMrN3NPUWd3VVNGT3JwbUg4aU4KT3BhMkV2b2I0QjBiRlE5bVRrVWF5OWgzNzBRa2tEWW81NWZvS0MrUklhSUl4K3A1b0NwWFRZTVpncXVCc3o3eQpNRXRsY1h1Wkt0N2EyWklQS3BHbHBQRHBBcWFRR2NVWktUMXE5elRXcy9OVHJ3OWtkRFVQeitLRmlkSkNCYVBMCkJoaklHRVViTlVLZjNWaUh2dGV2bjV6RUZnN1lMcWZPWFFzWTFLYW5jRDlMRG5SV3JTMWE4U3dLektPbHIvZDMKRnFLRVovSnFkZTNQd2ZvSGtTWDNDaE56OW5SMStDTXBUL1FyNk5UWmFtTUV1RUgzMmJIMVNLTDR1aTB4SmJyZApDbks5Y0R1OFVaQlpsaWJEQnRMRXVRZ3FUQk1SQTYyOTRPbS9TMXE0bG9QMFg2SlNsWUlObDllOU1xTVkxdDRSCnhkRFlGV2ZrTHRnZmROQ2pvSEFmOXRBaEw3cDNmZno2VklHOHlXc0V1Q3V2TTJxemRBUGJCdDNxVFF0RmpNUGYKT0VFaHY1NWtNREZLY20zTGlvUjNjUGJGVnRVVzJITWYyTjFHcUlOMTFIYUkvWjdyaTRmV2FHd0xhWWxpL0xtagpvOFEya2J2bXpxTWQyWUpwCi0tLS0tRU5EIENFUlRJRklDQVRFLS0tLS0K",
                "host": "https://cmtr-2j1y6jsc-mod8-aks-dns-ywh3zdb0.hcp.eastus.azmk8s.io:443",
                "password": "fpsdmuiys1ii6vokcwueyc4fnnwgckxn71bd48qp9sbuxl2nwjmofm8i71rrf7fjm5ql4g3p0n9z29zijrnoay9agdb39lk7pn9f6awkm4m58v5j5ba3yi8yary4c72p",
                "username": "clusterUser_cmtr-2j1y6jsc-mod8-rg_cmtr-2j1y6jsc-mod8-aks"
              }
            ],
            "kube_config_raw": "apiVersion: v1\nclusters:\n- cluster:\n    certificate-authority-data: LS0tLS1CRUdJTiBDRVJUSUZJQ0FURS0tLS0tCk1JSUU2RENDQXRDZ0F3SUJBZ0lRUk9wRXNIZUtlWnhhY3FEcDg1R0ZpVEFOQmdrcWhraUc5dzBCQVFzRkFEQU4KTVFzd0NRWURWUVFERXdKallUQWdGdzB5TlRFd01UZ3hPVE00TkRWYUdBOHlNRFUxTVRBeE9ERTVORGcwTlZvdwpEVEVMTUFrR0ExVUVBeE1DWTJFd2dnSWlNQTBHQ1NxR1NJYjNEUUVCQVFVQUE0SUNEd0F3Z2dJS0FvSUNBUUN3CklxTWYwYXE4clF5WmtJRms4M2JVS21mNWRCVTlobTFoM09sQ21LT0lleU1WaTNvSzJqSEUrdEcxc2xnbUZRcGEKYzdTYkQ3ZlVORnZrK1I1ZXczV2hYcDFXTkVkYUdqbDRBclFDS2MzQWxXNFdaVnE2Yk1GdldGU2RVUGc3S3ZITgpTeU50ZVNwZXlmTVJFYWNqeXk3VnJ4dWxSMGgrb0E5QjRaMXNja2t6RTFYaVZjSldyK3NzNTJ1QjMrT2t5cnU4CnZabTJNbHFrSVlMWFJTWjQ2aDIzemZkR2gwQnZiUVp0QXZ4cDlTR2VEdnlNclhnUE85dWZjbVowblhDMXhQM04KTUFTeE8ydEkrcEsxbjduanZ0WnkrMTFMTnd4QWtHdEVSbzhLc3dyZE4xVDNhRzdnMTdaelU4NE9Tem5IODZSUgpxQUtjdytSaHI0cFZSbjBEVFd5WHduR3FrZU1KczlNUitRMENQcXdMeUNnd2RncW5PZ1gvNTgwNUdFOG9JTFdzCktrN1ZqUnJvam1Jb3NsOC9sbDBaM1VLTkNSdFh1M3JGNlJUNWJoN29qYW1uYjBaWk84c2RzMnE1Z3RoVWdaQmoKcG1ua1JKVTR6UFdHTW9xRDZBeFNPVlo3TWs2aVNOTEdsek01WVpVSjRXZGIwRkxsRTgyS1ZLVEExWjBES3lBRgptSHhCVk80Q0xLZ2htaVlxQngxWEVKc3MyLzRMMEFrR3NOTkJXZnVVMGhZc2ZmaFl4RFg1djlIM3Z5TmxJUWxQCk14QjNBUDh2eW9XZVJrN0JNRUdBbkVNeXBuYWd5U1c5d0hiRVZCUEs3OWV3Ukl3UUFEMk1wazI5eWNoQlc2MmgKWmJuRU4vTEd0WVZFUXpGSHhrR3V0YXROUmZrc0tlQjNNanN2MnRMNWR3SURBUUFCbzBJd1FEQU9CZ05WSFE4QgpBZjhFQkFNQ0FxUXdEd1lEVlIwVEFRSC9CQVV3QXdFQi96QWRCZ05WSFE0RUZnUVUxUmI3VUNuam4rS1pyQlRSCjFocEFKMkJLOTU0d0RRWUpLb1pJaHZjTkFRRUxCUUFEZ2dJQkFHZHlpaUNrbFlEQmgwTjlaUUJtNXNNeTFEUVYKZG1ta1VWME5raVRqb0dIZ2FZU3NWTmJ4aVJqOHVzQ3ZNQlVJdTdNc0hzN1hNV1JJb0xINWtYR0dybFl6Qm5VTgpFYUQ3Y0lqWlN3UTFLT1N2em5nSGgwUTFWelBlVU0xcm16VHNKd29xWVNaelJtdXJpYU8zNUFONUltbzIxVThqCnZGQ1dHcXU5cHhTcUJpMUk0V2NkaWs1OTVvcUx6em92Z2Z6ZVRwNmliQ0FHMDMrN3NPUWd3VVNGT3JwbUg4aU4KT3BhMkV2b2I0QjBiRlE5bVRrVWF5OWgzNzBRa2tEWW81NWZvS0MrUklhSUl4K3A1b0NwWFRZTVpncXVCc3o3eQpNRXRsY1h1Wkt0N2EyWklQS3BHbHBQRHBBcWFRR2NVWktUMXE5elRXcy9OVHJ3OWtkRFVQeitLRmlkSkNCYVBMCkJoaklHRVViTlVLZjNWaUh2dGV2bjV6RUZnN1lMcWZPWFFzWTFLYW5jRDlMRG5SV3JTMWE4U3dLektPbHIvZDMKRnFLRVovSnFkZTNQd2ZvSGtTWDNDaE56OW5SMStDTXBUL1FyNk5UWmFtTUV1RUgzMmJIMVNLTDR1aTB4SmJyZApDbks5Y0R1OFVaQlpsaWJEQnRMRXVRZ3FUQk1SQTYyOTRPbS9TMXE0bG9QMFg2SlNsWUlObDllOU1xTVkxdDRSCnhkRFlGV2ZrTHRnZmROQ2pvSEFmOXRBaEw3cDNmZno2VklHOHlXc0V1Q3V2TTJxemRBUGJCdDNxVFF0RmpNUGYKT0VFaHY1NWtNREZLY20zTGlvUjNjUGJGVnRVVzJITWYyTjFHcUlOMTFIYUkvWjdyaTRmV2FHd0xhWWxpL0xtagpvOFEya2J2bXpxTWQyWUpwCi0tLS0tRU5EIENFUlRJRklDQVRFLS0tLS0K\n    server: https://cmtr-2j1y6jsc-mod8-aks-dns-ywh3zdb0.hcp.eastus.azmk8s.io:443\n  name: cmtr-2j1y6jsc-mod8-aks\ncontexts:\n- context:\n    cluster: cmtr-2j1y6jsc-mod8-aks\n    user: clusterUser_cmtr-2j1y6jsc-mod8-rg_cmtr-2j1y6jsc-mod8-aks\n  name: cmtr-2j1y6jsc-mod8-aks\ncurrent-context: cmtr-2j1y6jsc-mod8-aks\nkind: Config\npreferences: {}\nusers:\n- name: clusterUser_cmtr-2j1y6jsc-mod8-rg_cmtr-2j1y6jsc-mod8-aks\n  user:\n    client-certificate-data: LS0tLS1CRUdJTiBDRVJUSUZJQ0FURS0tLS0tCk1JSUZIakNDQXdhZ0F3SUJBZ0lSQUtkb2wzdkhUN2lVbE9xdjhoYnBSSEF3RFFZSktvWklodmNOQVFFTEJRQXcKRFRFTE1Ba0dBMVVFQXhNQ1kyRXdIaGNOTWpVeE1ERTRNVGt6T0RRMVdoY05NamN4TURFNE1UazBPRFExV2pBdwpNUmN3RlFZRFZRUUtFdzV6ZVhOMFpXMDZiV0Z6ZEdWeWN6RVZNQk1HQTFVRUF4TU1iV0Z6ZEdWeVkyeHBaVzUwCk1JSUNJakFOQmdrcWhraUc5dzBCQVFFRkFBT0NBZzhBTUlJQ0NnS0NBZ0VBdHM0YVdJcUVzNnhzWVkrb2pieFUKY01hekUyditOYlA5Q0JhL28renNaQWxMOFJISEFwWUYxdmx0Vy9tWGNZWVB1TVREb2UzekZQVUFza0xWbXh6SQpCclR5bkhCaWsxNVlyRGFKSHorbyt3eXM2MVk5WGxGT3lwQWN4Z3AvYnRGSC9iVFM1Z1JMa3p5NWhxcFI1TEV3CldyMUF6bkhRTGJsNUdNc2puR1BBZ29tNTNyN3VhcjBXaTJCU0ZmWk5qSWtXUjJqTmQrNXh0b0hYOW9NbldtazcKdHlYKzdRVmYvY2Vxd3BpZWJZQzhCSk9sUytxK0g3b1pTU2pJOE1kL2FWOGZRem5xMWcyWVhITWhLRzFCK2p2dQpiUGpJNkpoTXpRTktOcUhxcjc5UUVkbkZCY0tiV01DUWFmck83UUROOGRZV0VjVjZiTVZ3bjJMOG9mZUxxMk04Cm8rcTNlQUEyT3VGQ0hsV0V4K0FKOEpsNmhpUzJKVzJzK1NoNlJQU2NZMmRvYWZ0RDd2LytxMjlsZHB1NnF1ekwKMkJTeHZzZmY5WmhyMHBWUVpreDNwN3pTOFQ0Z3hhMkJMbko5aGdKbHg3MXhyUktaNzVvbkhncTlQU290YTkrQgpxWlpsMU1FTGs0bHRGOHEyR2tqcUFhL2xQbjV0a3dKZ1hHVjRlVmlUQVJFUms3VFFVbm5LOU1jaGJKT0lESkE2Cm1yd2ZrY0ErUVdvOE5seFJPOUZkQjNManVJZDJrK01SaHVQaERhZzFDZ29UaHh2OVhCUXdsSEpKNGljN0lqODMKRUJBMFVIWDlzZWJlOXIxSGhhVEtGMnp5RjRoWVd1VUVmQWZ5VFJQa0h5TkVpWm40WkNEY0JtZVJPUjFOOTluYwp0bnpzZWtyWlZ4dk9VdXJlcE42YWdLc0NBd0VBQWFOV01GUXdEZ1lEVlIwUEFRSC9CQVFEQWdXZ01CTUdBMVVkCkpRUU1NQW9HQ0NzR0FRVUZCd01DTUF3R0ExVWRFd0VCL3dRQ01BQXdId1lEVlIwakJCZ3dGb0FVMVJiN1VDbmoKbitLWnJCVFIxaHBBSjJCSzk1NHdEUVlKS29aSWh2Y05BUUVMQlFBRGdnSUJBS1dyajlRZGVaaWQxWlYyYWlobApIT3I2bXFLMk5EMmNxTnRFczExeElZekNmd0VJWW5nNFA3ZEdocFNXL2JLU1c3aS9GNjM4UGtGdWloeXZ2OVlNCmhhR2V4UlczcFpaV3o2SWthb1hYdnNqK05XZjNxVk42MGR0K3NqczdqaXZCd1JNVHM2QkFEYlNFOGlHQVhxd1oKOHJtRkFMMG85eFZkQlNzS05XNWUySDQzYk15S2k3aGxjTUh4TGt0SlJGRUNGSG9qMDZkSGM5YUpPeXR4YkdDVAozQ1NGTUh2bFVpM2ZqS2dCa1Q2bkFOanZiYjdRLzkwM2RhUjZQbllJL1ZrRUh4dEpYMzhoTWxOQjQ4Q0t5eUJVCk5XRnJwZE1aZVBSZW14a253UE1MSGh1anhIblQ0T1Z6ajljcjk1KzhGTERuMG9xWTNYK1BmMExmYmNrd3hpZ2oKREZDd2lrbURiT0YzbVFwdFcvb1k5V1VsRG1UTkpvVDMxK0RocUNCZ0h5Ykc3WWhVL0JWME9BcUQ5YnBrMkVaZgplaHlaNHFWY0tXVjRjWnFqakp2aXVsQ2dmWVBvK3YzM1RYN1dnNkpReTdUTWRkQ1lha05RbWZEZlZtMXVFYXJ4CmtVVlZGQUMycmhIUzNaaTY5d1pDRUdNYUdBTUh6bTRjeVFLblNZK0ovOWMwcnBvNWNGc1Evck82U01aTFpxZm8KbEdjMXFnYUdPZWxkMUQwbjZ4dTBWNmRkT3FBYmdyMzhWTDh5czlsbVlKeVFOYjJ2ZmR5RmZ6dTM0Q3ZESllSZwo0NVZyU1ltUW1nOGRVUGRjS0lrdjVrbGN0VmdXRXpYRnBvdzV3UXlneVVtNDdxM1pxejIzdmVockx4Y0ZsZlV6Ci9YSkdmekhBVnZRaTZ0Z3pBeGsyZXFiagotLS0tLUVORCBDRVJUSUZJQ0FURS0tLS0tCg==\n    client-key-data: LS0tLS1CRUdJTiBSU0EgUFJJVkFURSBLRVktLS0tLQpNSUlKS2dJQkFBS0NBZ0VBdHM0YVdJcUVzNnhzWVkrb2pieFVjTWF6RTJ2K05iUDlDQmEvbyt6c1pBbEw4UkhICkFwWUYxdmx0Vy9tWGNZWVB1TVREb2UzekZQVUFza0xWbXh6SUJyVHluSEJpazE1WXJEYUpIeitvK3d5czYxWTkKWGxGT3lwQWN4Z3AvYnRGSC9iVFM1Z1JMa3p5NWhxcFI1TEV3V3IxQXpuSFFMYmw1R01zam5HUEFnb201M3I3dQphcjBXaTJCU0ZmWk5qSWtXUjJqTmQrNXh0b0hYOW9Nbldtazd0eVgrN1FWZi9jZXF3cGllYllDOEJKT2xTK3ErCkg3b1pTU2pJOE1kL2FWOGZRem5xMWcyWVhITWhLRzFCK2p2dWJQakk2SmhNelFOS05xSHFyNzlRRWRuRkJjS2IKV01DUWFmck83UUROOGRZV0VjVjZiTVZ3bjJMOG9mZUxxMk04bytxM2VBQTJPdUZDSGxXRXgrQUo4Smw2aGlTMgpKVzJzK1NoNlJQU2NZMmRvYWZ0RDd2LytxMjlsZHB1NnF1ekwyQlN4dnNmZjlaaHIwcFZRWmt4M3A3elM4VDRnCnhhMkJMbko5aGdKbHg3MXhyUktaNzVvbkhncTlQU290YTkrQnFaWmwxTUVMazRsdEY4cTJHa2pxQWEvbFBuNXQKa3dKZ1hHVjRlVmlUQVJFUms3VFFVbm5LOU1jaGJKT0lESkE2bXJ3ZmtjQStRV284Tmx4Uk85RmRCM0xqdUlkMgprK01SaHVQaERhZzFDZ29UaHh2OVhCUXdsSEpKNGljN0lqODNFQkEwVUhYOXNlYmU5cjFIaGFUS0YyenlGNGhZCld1VUVmQWZ5VFJQa0h5TkVpWm40WkNEY0JtZVJPUjFOOTluY3RuenNla3JaVnh2T1V1cmVwTjZhZ0tzQ0F3RUEKQVFLQ0FnQUdraDFJKzNST1Q2OU1TUnYzanUwV0ZLajcxTHVSZGU1dGE2dm9iNEZidUgzVFQzUHd6WVd1TnM3NApmd2lJMnhjV1BzbXRZMTZEd3FsZ3Z2THJTQkNQTlNmWFR3UXNEemh1dXVodU1zZnNlNFhTVVFvKy9xWGFDc05qClZ2TkNWTXdhcHNwQjNGRC9ITnFxVXRXWXU4bTZLVDFRR1FVdzc0N0JGbVFwb0pMd2lPb2hHSW5SLzdQMHZ6bnAKY2kzOWFZYTBldzdrOWJGK3JEektycElyNGh2SnR5MlU4Qnd3TDJJZGxvWWQ5NEpLbVNnQzM1QXY3R3pibFZkaApBdVZsMnpad3l5blJiSWNDZVFlWWFyejBDcWdhUzAybGEvd0VEbm5pRnRYWENyQmlib3B5RjQ3NmxMUUcxZGk1CmxNMTg3aTROa005Q3VQZHJDSkFveU9ZVisxT0M4b2d5akFoWDRZbjZ3bEM4ZEhTaU4wWkxXQ1Jpc3VXSVZrRVoKQkNrUkFsMURWdURlREk5S1lXWUgrNzNYZ2RFc3R1d2NSdkxxUFBTOGtCL3pLYUM3blRCb3NEOGdsSVZuUkRBSApTWi9SNVFmUHhqckJIc2hHbW9KdzJIeElXcDltOUtaaWFHaVB5elZTcUNQcCtWYkNPb2cxVFpRL3V1RVFRU2xwCkRGYTlYTlZoTTMxNWlhTjQ0U2VJN0ZNUWdxaFZ3aDB4b1ZBN2RvbFZML2RhcWJzVkVCU3pURnp4U0hQZ2VFYWsKVU05ZkE1cUd2eTl1ZXVnNXZ2eE1XRmp5RzlxYS9wNXhvQW1MSU41MUF3NDh6TzU3eXF1WGhjNE1TTGhLNXEvego1OHplYUMvaU9ic0FGcDBmalM4ZitGWUJFbk1WV0pxSXUzMWxyRC9YVWI4bjhrRzRtUUtDQVFFQTdpenozVnByCnRmWUdQZnNpdVBsdFQ5aGlBUHVNV1BhQUlCTGVTUzlIaTIxRGZnQ2h4eFBsSDIyT3I1ZDJiSkZWbisvRG1xeW4KV1ZlNnpPdldPR1FsTlhXUHVaRmxFY3NtZGZiSDd5SW1DbEZaMGF4YStGeFFWb09rN0lKMko0YllnMjFUOXdTMwpicm5tNXhYd2lhU0N4WWpIVzZLNGNTYVlyRHFiTUJTZXRMa0tjazRmZnJVVDRXclFncDJ2UEc2OXB4Uk1sakVICkVUNUc4bVpXblNnUzAwUzJxMHlBcXBPOEdabkZZUGYzMkpFdmF1NlpSUklBNDZGcGM5NUNUWFNJZjMrWFoweTkKSDk4ZHBkL0Mza2l2dUhsTUNDMnh6OU9Uckh5a1lXN1RhWEM1dEF2VEJ3YkNWRElkR3J4N1RRR2U0WTNyNVBDSApwaHFYUWVEaXhjejlsUUtDQVFFQXhIeFgvVTQzWFRya0psOUpoUHhNaHAzVjYxSDJTdXFBbHpvWFBLMmtqNDIyCkpDQ3R3RUI5SXRMcVRUMGRiVFY5TVdZWCtBQnRBK1Biam1DbjBMV3BYc0VlOENHWlg5VmFPWWh0KytNM3I2NDkKRkdMN3EwLysvakRsL0xQMkJNMTVGQ0VSaDRXRC9wejJzcnVTb0YxWHB3dGdUUjJGYk9Ea0REdVFGY0NaWlc0VwpDd3d0RUZrcDk0YnQ4djdHNnBTVFkzbklpRWwrY0dFS01BSUN3UW83bXpEem5lZDF5QWhTNSs4eEoyNWJGSXNJCjNKM1pSSTVDTmJpOGxvaFV3UzFvcld1MEhXRlE5ZXRTVU9jdHc4dEMyUVJpVEJZQXN3Z282WENyQVkrdVhCVWQKM0FLY2NlaVhpa3ZTTk5uYStaWGpsZ1ZvTGF5eUovci9hSzFNM1hkMVB3S0NBUUVBcHk1aWx2T0xPNVJQMlYzWQpoNko5T2xpV29qM3Z5OXBySVJoZGMxMStpTDNQYkRpaFZnMysvRXA0cDRSWG1lbUNBdHZYbjFDbHZ5NjNiblAwClVHenJPVlVsNTRuSk9lNHhOd2hjV3R6TGV0NlRmM3ZOOXh0RlFSVHl4UmptT3VTS1FlYVIwNGc2QWJ6MytTa0wKU0hKellKaWI1eFNYQnNXaTBQSHFVSnVJc3k1WHlOaFJmeTAzb1RqSzE0UTdwdDNNdmVTZnhhVHdZd2dsNEt3NQpDK00vSTVETjcvdXBMUks2Sy9ZbDkrVFcwZXRITDNYL205NEJSY2JkTUhuSWJIbnAvaVRmYjZFTDk3MHpJR1dxCmNVRHdKenJ0UmFoZGNaWC95RWxOVVI3cndzMWZiS1FJSXB4NTk0T2RybEN5OCtDNVYzVzVLV0EwdDBGZS90ME8KRU8zTTZRS0NBUUVBcG1pdFdPSnlyMm9lS29XUFRhc2s0T295Yi8vVnVYTk1mMGY2d0RCTWJDeFlNOWJkY1RMdApDSjViUkJsYm44K3FmVGo3V2RaNmZjM3dlSEJTRU1pYWJwN2ZKZjgrMTlScGVzcWFZN2YzeExtc0QyVVp3dWlZCmpRNDY2c0E3djZ1S1BVc1lmby9NejhwK2diZXRJbGFMMHZVbWxZbElKSU4vZ1FDOU1qOFJhNzlGdWd1UTZ3U3AKTDNPK2VZdmdTbktWTmEzQjhmTlV1N2JrR3U3SkNGY3pUbWV5SEcwWTZ0WnA2UGRDeVNPRXppeEcwQnA4RmJ6cQpSSGQyZVlOelRMeTVxQTdNMkFsQXVWYVpPOTNmZTdEZHA5RTNzenI3VXFXNWlLUWNvTkRnbWlwa1JKNk5nMGU3CmVLeG9sc3hmMGZ4cGFQaWhWL1dvV1lZUjVNVEprZFFIbndLQ0FRRUEwN1NKUCtuREhEZ1hFQzkrbGRLc1g2S0gKOFJDVDk1VWFpSVZ0MDZzQ01mZk9jdHZlbFpUZG5SM1JWZkxCK0xhbEtjRWJqSGZKWExYSEFvUVpqSlpTTFhuOQp4R3ZvOEk4RDZXYnRJUFJqbDBNTFUwOWQrMHZSc2FCNUpXTGF2R2xGZFlMdE01NmNCVDFybUhMYmpvUldsMVlICmdaRWIxcUgyVkRxSStwYitxQUxxNWxBOE9kazE1dnNOOVBhQmpWSXh1cC9DSnpwRDFpRDUxL3ZXMkZaVFRxTEUKY1hvTDBBRERCbGlKLzdXMk5FbTVIZStuRktUcFFEamZmaUFYOEYzSWdDbUJqNnVUZ0VXQ0NXU2hoa29JalJhVQoxMjhkMU85RlYzcldoSlU0UjlRRzE0aEl4R2dBbU1TaWxDaGE3dlZhdjRWc2lPVTJrRnhPbGhVK292NmZ0QT09Ci0tLS0tRU5EIFJTQSBQUklWQVRFIEtFWS0tLS0tCg==\n    token: fpsdmuiys1ii6vokcwueyc4fnnwgckxn71bd48qp9sbuxl2nwjmofm8i71rrf7fjm5ql4g3p0n9z29zijrnoay9agdb39lk7pn9f6awkm4m58v5j5ba3yi8yary4c72p\n",
            "kubelet_identity": [
              {
                "client_id": "147c081f-803e-46c9-982c-6bd85b1fe681",
                "object_id": "ef16a97b-8e22-4d75-95f5-1746e1ceb692",
                "user_assigned_identity_id": "/subscriptions/87e94b1c-cfbd-41ec-ba61-70615ae3cf03/resourceGroups/MC_cmtr-2j1y6jsc-mod8-rg_cmtr-2j1y6jsc-mod8-aks_eastus/providers/Microsoft.ManagedIdentity/userAssignedIdentities/cmtr-2j1y6jsc-mod8-aks-agentpool"
              }
            ],
            "kubernetes_version": "1.32",
            "linux_profile": [],
            "local_account_disabled": false,
            "location": "eastus",
            "maintenance_window": [],
            "maintenance_window_auto_upgrade": [],
            "maintenance_window_node_os": [],
            "microsoft_defender": [],
            "monitor_metrics": [],
            "name": "cmtr-2j1y6jsc-mod8-aks",
            "network_profile": [
              {
                "dns_service_ip": "10.0.0.10",
                "docker_bridge_cidr": "",
                "ebpf_data_plane": "",
                "ip_versions": [
                  "IPv4"
                ],
                "load_balancer_profile": [
                  {
                    "effective_outbound_ips": [
                      "/subscriptions/87e94b1c-cfbd-41ec-ba61-70615ae3cf03/resourceGroups/MC_cmtr-2j1y6jsc-mod8-rg_cmtr-2j1y6jsc-mod8-aks_eastus/providers/Microsoft.Network/publicIPAddresses/5bef355b-13d5-4fcd-a84c-ac93f2fdfd9f"
                    ],
                    "idle_timeout_in_minutes": 0,
                    "managed_outbound_ip_count": 1,
                    "managed_outbound_ipv6_count": 0,
                    "outbound_ip_address_ids": [],
                    "outbound_ip_prefix_ids": [],
                    "outbound_ports_allocated": 0
                  }
                ],
                "load_balancer_sku": "standard",
                "nat_gateway_profile": [],
                "network_data_plane": "azure",
                "network_mode": "",
                "network_plugin": "azure",
                "network_plugin_mode": "overlay",
                "network_policy": "",
                "outbound_ip_address_ids": [],
                "outbound_ip_prefix_ids": [],
                "outbound_type": "loadBalancer",
                "pod_cidr": "10.244.0.0/16",
                "pod_cidrs": [
                  "10.244.0.0/16"
                ],
                "service_cidr": "10.0.0.0/16",
                "service_cidrs": [
                  "10.0.0.0/16"
                ]
              }
            ],
            "node_os_channel_upgrade": null,
            "node_resource_group": "MC_cmtr-2j1y6jsc-mod8-rg_cmtr-2j1y6jsc-mod8-aks_eastus",
            "node_resource_group_id": "/subscriptions/87e94b1c-cfbd-41ec-ba61-70615ae3cf03/resourceGroups/MC_cmtr-2j1y6jsc-mod8-rg_cmtr-2j1y6jsc-mod8-aks_eastus",
            "oidc_issuer_enabled": false,
            "oidc_issuer_url": "",
            "oms_agent": [],
            "open_service_mesh_enabled": false,
            "portal_fqdn": "cmtr-2j1y6jsc-mod8-aks-dns-ywh3zdb0.portal.hcp.eastus.azmk8s.io",
            "private_cluster_enabled": false,
            "private_cluster_public_fqdn_enabled": false,
            "private_dns_zone_id": "",
            "private_fqdn": "",
            "public_network_access_enabled": true,
            "resource_group_name": "cmtr-2j1y6jsc-mod8-rg",
            "role_based_access_control_enabled": true,
            "run_command_enabled": true,
            "service_mesh_profile": [],
            "service_principal": [],
            "sku_tier": "Free",
            "storage_profile": [],
            "support_plan": "KubernetesOfficial",
            "tags": {
              "Creator": "ioann_dubinets@epam.com"
            },
            "timeouts": null,
            "web_app_routing": [],
            "windows_profile": [],
            "workload_autoscaler_profile": [],
            "workload_identity_enabled": false
          },
          "sensitive_attributes": [
            [
              {
                "type": "get_attr",
                "value": "kube_admin_config"
              }
            ],
            [
              {
                "type": "get_attr",
                "value": "kube_admin_config_raw"
              }
            ],
            [
              {
                "type": "get_attr",
                "value": "kube_config"
              }
            ],
            [
              {
                "type": "get_attr",
                "value": "kube_config_raw"
              }
            ]
          ],
          "identity_schema_version": 0,
          "private": "eyJlMmJmYjczMC1lY2FhLTExZTYtOGY4OC0zNDM2M2JjN2M0YzAiOnsiY3JlYXRlIjo1NDAwMDAwMDAwMDAwLCJkZWxldGUiOjU0MDAwMDAwMDAwMDAsInJlYWQiOjMwMDAwMDAwMDAwMCwidXBkYXRlIjo1NDAwMDAwMDAwMDAwfSwic2NoZW1hX3ZlcnNpb24iOiIyIn0=",
          "dependencies": [
            "azurerm_resource_group.rg",
            "data.azurerm_client_config.current",
            "module.acr.azurerm_container_registry.acr",
            "module.acr.azurerm_container_registry_task.build_app",
            "module.keyvault.azurerm_key_vault.kv",
            "module.keyvault.azurerm_key_vault_access_policy.current_user"
          ]
        }
      ]
    },
    {
      "module": "module.aks",
      "mode": "managed",
      "type": "azurerm_role_assignment",
      "name": "aks_acr_pull",
      "provider": "provider[\"registry.terraform.io/hashicorp/azurerm\"]",
      "instances": [
        {
          "schema_version": 0,
          "attributes": {
            "condition": "",
            "condition_version": "",
            "delegated_managed_identity_resource_id": "",
            "description": "",
            "id": "/subscriptions/87e94b1c-cfbd-41ec-ba61-70615ae3cf03/resourceGroups/cmtr-2j1y6jsc-mod8-rg/providers/Microsoft.ContainerRegistry/registries/cmtr2j1y6jscmod8cr/providers/Microsoft.Authorization/roleAssignments/3a50bb20-79b3-fdd0-9e07-e16e29622daa",
            "name": "3a50bb20-79b3-fdd0-9e07-e16e29622daa",
            "principal_id": "7a5b8dc8-7263-4728-859e-319f8b5e801b",
            "principal_type": "ServicePrincipal",
            "role_definition_id": "/subscriptions/87e94b1c-cfbd-41ec-ba61-70615ae3cf03/providers/Microsoft.Authorization/roleDefinitions/7f951dda-4ed3-4680-a7ca-43fe172d538d",
            "role_definition_name": "AcrPull",
            "scope": "/subscriptions/87e94b1c-cfbd-41ec-ba61-70615ae3cf03/resourceGroups/cmtr-2j1y6jsc-mod8-rg/providers/Microsoft.ContainerRegistry/registries/cmtr2j1y6jscmod8cr",
            "skip_service_principal_aad_check": null,
            "timeouts": null
          },
          "sensitive_attributes": [],
          "identity_schema_version": 0,
          "private": "eyJlMmJmYjczMC1lY2FhLTExZTYtOGY4OC0zNDM2M2JjN2M0YzAiOnsiY3JlYXRlIjoxODAwMDAwMDAwMDAwLCJkZWxldGUiOjE4MDAwMDAwMDAwMDAsInJlYWQiOjMwMDAwMDAwMDAwMH19",
          "dependencies": [
            "azurerm_resource_group.rg",
            "data.azurerm_client_config.current",
            "module.acr.azurerm_container_registry.acr",
            "module.acr.azurerm_container_registry_task.build_app",
            "module.aks.azurerm_kubernetes_cluster.aks",
            "module.keyvault.azurerm_key_vault.kv",
            "module.keyvault.azurerm_key_vault_access_policy.current_user"
          ]
        }
      ]
    },
    {
      "module": "module.keyvault",
      "mode": "managed",
      "type": "azurerm_key_vault",
      "name": "kv",
      "provider": "provider[\"registry.terraform.io/hashicorp/azurerm\"]",
      "instances": [
        {
          "schema_version": 2,
          "attributes": {
            "access_policy": [],
            "contact": [],
            "enable_rbac_authorization": false,
            "enabled_for_deployment": false,
            "enabled_for_disk_encryption": false,
            "enabled_for_template_deployment": true,
            "id": "/subscriptions/87e94b1c-cfbd-41ec-ba61-70615ae3cf03/resourceGroups/cmtr-2j1y6jsc-mod8-rg/providers/Microsoft.KeyVault/vaults/cmtr-2j1y6jsc-mod8-kv",
            "location": "eastus",
            "name": "cmtr-2j1y6jsc-mod8-kv",
            "network_acls": [
              {
                "bypass": "AzureServices",
                "default_action": "Allow",
                "ip_rules": [],
                "virtual_network_subnet_ids": []
              }
            ],
            "public_network_access_enabled": true,
            "purge_protection_enabled": false,
            "resource_group_name": "cmtr-2j1y6jsc-mod8-rg",
            "sku_name": "standard",
            "soft_delete_retention_days": 90,
            "tags": {
              "Creator": "ioann_dubinets@epam.com"
            },
            "tenant_id": "b41b72d0-4e9f-4c26-8a69-f949f367c91d",
            "timeouts": null,
            "vault_uri": "https://cmtr-2j1y6jsc-mod8-kv.vault.azure.net/"
          },
          "sensitive_attributes": [],
          "identity_schema_version": 0,
          "private": "eyJlMmJmYjczMC1lY2FhLTExZTYtOGY4OC0zNDM2M2JjN2M0YzAiOnsiY3JlYXRlIjoxODAwMDAwMDAwMDAwLCJkZWxldGUiOjE4MDAwMDAwMDAwMDAsInJlYWQiOjMwMDAwMDAwMDAwMCwidXBkYXRlIjoxODAwMDAwMDAwMDAwfSwic2NoZW1hX3ZlcnNpb24iOiIyIn0=",
          "dependencies": [
            "azurerm_resource_group.rg",
            "data.azurerm_client_config.current"
          ]
        }
      ]
    },
    {
      "module": "module.keyvault",
      "mode": "managed",
      "type": "azurerm_key_vault_access_policy",
      "name": "current_user",
      "provider": "provider[\"registry.terraform.io/hashicorp/azurerm\"]",
      "instances": [
        {
          "schema_version": 0,
          "attributes": {
            "application_id": null,
            "certificate_permissions": null,
            "id": "/subscriptions/87e94b1c-cfbd-41ec-ba61-70615ae3cf03/resourceGroups/cmtr-2j1y6jsc-mod8-rg/providers/Microsoft.KeyVault/vaults/cmtr-2j1y6jsc-mod8-kv/objectId/6e74a75e-a84b-4c0b-964f-6fd07fdf748b",
            "key_permissions": null,
            "key_vault_id": "/subscriptions/87e94b1c-cfbd-41ec-ba61-70615ae3cf03/resourceGroups/cmtr-2j1y6jsc-mod8-rg/providers/Microsoft.KeyVault/vaults/cmtr-2j1y6jsc-mod8-kv",
            "object_id": "6e74a75e-a84b-4c0b-964f-6fd07fdf748b",
            "secret_permissions": [
              "Get",
              "List",
              "Set",
              "Delete",
              "Purge",
              "Recover"
            ],
            "storage_permissions": null,
            "tenant_id": "b41b72d0-4e9f-4c26-8a69-f949f367c91d",
            "timeouts": null
          },
          "sensitive_attributes": [],
          "identity_schema_version": 0,
          "private": "eyJlMmJmYjczMC1lY2FhLTExZTYtOGY4OC0zNDM2M2JjN2M0YzAiOnsiY3JlYXRlIjoxODAwMDAwMDAwMDAwLCJkZWxldGUiOjE4MDAwMDAwMDAwMDAsInJlYWQiOjMwMDAwMDAwMDAwMCwidXBkYXRlIjoxODAwMDAwMDAwMDAwfX0=",
          "dependencies": [
            "azurerm_resource_group.rg",
            "data.azurerm_client_config.current",
            "module.keyvault.azurerm_key_vault.kv"
          ]
        }
      ]
    },
    {
      "module": "module.redis",
      "mode": "managed",
      "type": "azurerm_key_vault_secret",
      "name": "redis_hostname",
      "provider": "provider[\"registry.terraform.io/hashicorp/azurerm\"]",
      "instances": [
        {
          "schema_version": 0,
          "attributes": {
            "content_type": "",
            "expiration_date": null,
            "id": "https://cmtr-2j1y6jsc-mod8-kv.vault.azure.net/secrets/redis-hostname/8865fe712ddf4f2bbdd019c2de1d448d",
            "key_vault_id": "/subscriptions/87e94b1c-cfbd-41ec-ba61-70615ae3cf03/resourceGroups/cmtr-2j1y6jsc-mod8-rg/providers/Microsoft.KeyVault/vaults/cmtr-2j1y6jsc-mod8-kv",
            "name": "redis-hostname",
            "not_before_date": null,
            "resource_id": "/subscriptions/87e94b1c-cfbd-41ec-ba61-70615ae3cf03/resourceGroups/cmtr-2j1y6jsc-mod8-rg/providers/Microsoft.KeyVault/vaults/cmtr-2j1y6jsc-mod8-kv/secrets/redis-hostname/versions/8865fe712ddf4f2bbdd019c2de1d448d",
            "resource_versionless_id": "/subscriptions/87e94b1c-cfbd-41ec-ba61-70615ae3cf03/resourceGroups/cmtr-2j1y6jsc-mod8-rg/providers/Microsoft.KeyVault/vaults/cmtr-2j1y6jsc-mod8-kv/secrets/redis-hostname",
            "tags": null,
            "timeouts": null,
            "value": "cmtr-2j1y6jsc-mod8-redis.redis.cache.windows.net",
            "version": "8865fe712ddf4f2bbdd019c2de1d448d",
            "versionless_id": "https://cmtr-2j1y6jsc-mod8-kv.vault.azure.net/secrets/redis-hostname"
          },
          "sensitive_attributes": [
            [
              {
                "type": "get_attr",
                "value": "value"
              }
            ]
          ],
          "identity_schema_version": 0,
          "private": "eyJlMmJmYjczMC1lY2FhLTExZTYtOGY4OC0zNDM2M2JjN2M0YzAiOnsiY3JlYXRlIjoxODAwMDAwMDAwMDAwLCJkZWxldGUiOjE4MDAwMDAwMDAwMDAsInJlYWQiOjE4MDAwMDAwMDAwMDAsInVwZGF0ZSI6MTgwMDAwMDAwMDAwMH19",
          "dependencies": [
            "azurerm_resource_group.rg",
            "data.azurerm_client_config.current",
            "module.keyvault.azurerm_key_vault.kv",
            "module.keyvault.azurerm_key_vault_access_policy.current_user",
            "module.redis.azurerm_redis_cache.redis_cache"
          ]
        }
      ]
    },
    {
      "module": "module.redis",
      "mode": "managed",
      "type": "azurerm_key_vault_secret",
      "name": "redis_primary_key",
      "provider": "provider[\"registry.terraform.io/hashicorp/azurerm\"]",
      "instances": [
        {
          "schema_version": 0,
          "attributes": {
            "content_type": "",
            "expiration_date": null,
            "id": "https://cmtr-2j1y6jsc-mod8-kv.vault.azure.net/secrets/redis-primary-key/d6b928bb968b47a58cdc03224f4d416e",
            "key_vault_id": "/subscriptions/87e94b1c-cfbd-41ec-ba61-70615ae3cf03/resourceGroups/cmtr-2j1y6jsc-mod8-rg/providers/Microsoft.KeyVault/vaults/cmtr-2j1y6jsc-mod8-kv",
            "name": "redis-primary-key",
            "not_before_date": null,
            "resource_id": "/subscriptions/87e94b1c-cfbd-41ec-ba61-70615ae3cf03/resourceGroups/cmtr-2j1y6jsc-mod8-rg/providers/Microsoft.KeyVault/vaults/cmtr-2j1y6jsc-mod8-kv/secrets/redis-primary-key/versions/d6b928bb968b47a58cdc03224f4d416e",
            "resource_versionless_id": "/subscriptions/87e94b1c-cfbd-41ec-ba61-70615ae3cf03/resourceGroups/cmtr-2j1y6jsc-mod8-rg/providers/Microsoft.KeyVault/vaults/cmtr-2j1y6jsc-mod8-kv/secrets/redis-primary-key",
            "tags": null,
            "timeouts": null,
            "value": "tkU6hEoXBve0K4F3ajSsOVRGuoyWuSAiZAzCaBUAyRU=",
            "version": "d6b928bb968b47a58cdc03224f4d416e",
            "versionless_id": "https://cmtr-2j1y6jsc-mod8-kv.vault.azure.net/secrets/redis-primary-key"
          },
          "sensitive_attributes": [
            [
              {
                "type": "get_attr",
                "value": "value"
              }
            ]
          ],
          "identity_schema_version": 0,
          "private": "eyJlMmJmYjczMC1lY2FhLTExZTYtOGY4OC0zNDM2M2JjN2M0YzAiOnsiY3JlYXRlIjoxODAwMDAwMDAwMDAwLCJkZWxldGUiOjE4MDAwMDAwMDAwMDAsInJlYWQiOjE4MDAwMDAwMDAwMDAsInVwZGF0ZSI6MTgwMDAwMDAwMDAwMH19",
          "dependencies": [
            "azurerm_resource_group.rg",
            "data.azurerm_client_config.current",
            "module.keyvault.azurerm_key_vault.kv",
            "module.keyvault.azurerm_key_vault_access_policy.current_user",
            "module.redis.azurerm_redis_cache.redis_cache"
          ]
        }
      ]
    },
    {
      "module": "module.redis",
      "mode": "managed",
      "type": "azurerm_redis_cache",
      "name": "redis_cache",
      "provider": "provider[\"registry.terraform.io/hashicorp/azurerm\"]",
      "instances": [
        {
          "schema_version": 1,
          "attributes": {
            "capacity": 2,
            "enable_non_ssl_port": false,
            "family": "C",
            "hostname": "cmtr-2j1y6jsc-mod8-redis.redis.cache.windows.net",
            "id": "/subscriptions/87e94b1c-cfbd-41ec-ba61-70615ae3cf03/resourceGroups/cmtr-2j1y6jsc-mod8-rg/providers/Microsoft.Cache/redis/cmtr-2j1y6jsc-mod8-redis",
            "identity": [],
            "location": "eastus",
            "minimum_tls_version": "1.2",
            "name": "cmtr-2j1y6jsc-mod8-redis",
            "non_ssl_port_enabled": false,
            "patch_schedule": [],
            "port": 6379,
            "primary_access_key": "tkU6hEoXBve0K4F3ajSsOVRGuoyWuSAiZAzCaBUAyRU=",
            "primary_connection_string": "cmtr-2j1y6jsc-mod8-redis.redis.cache.windows.net:6380,password=tkU6hEoXBve0K4F3ajSsOVRGuoyWuSAiZAzCaBUAyRU=,ssl=true,abortConnect=False",
            "private_static_ip_address": "",
            "public_network_access_enabled": true,
            "redis_configuration": [
              {
                "active_directory_authentication_enabled": false,
                "aof_backup_enabled": false,
                "aof_storage_connection_string_0": "",
                "aof_storage_connection_string_1": "",
                "authentication_enabled": true,
                "data_persistence_authentication_method": "",
                "enable_authentication": true,
                "maxclients": 2000,
                "maxfragmentationmemory_reserved": 299,
                "maxmemory_delta": 299,
                "maxmemory_policy": "",
                "maxmemory_reserved": 299,
                "notify_keyspace_events": "",
                "rdb_backup_enabled": false,
                "rdb_backup_frequency": 0,
                "rdb_backup_max_snapshot_count": 0,
                "rdb_storage_connection_string": "",
                "storage_account_subscription_id": ""
              }
            ],
            "redis_version": "6.0",
            "replicas_per_master": 0,
            "replicas_per_primary": 0,
            "resource_group_name": "cmtr-2j1y6jsc-mod8-rg",
            "secondary_access_key": "920s2SLNHNExGAh3jPNxzGZj3PV2nvanXAzCaKC1dFs=",
            "secondary_connection_string": "cmtr-2j1y6jsc-mod8-redis.redis.cache.windows.net:6380,password=920s2SLNHNExGAh3jPNxzGZj3PV2nvanXAzCaKC1dFs=,ssl=true,abortConnect=False",
            "shard_count": 0,
            "sku_name": "Basic",
            "ssl_port": 6380,
            "subnet_id": "",
            "tags": {
              "Creator": "ioann_dubinets@epam.com"
            },
            "tenant_settings": null,
            "timeouts": null,
            "zones": null
          },
          "sensitive_attributes": [
            [
              {
                "type": "get_attr",
                "value": "primary_access_key"
              }
            ],
            [
              {
                "type": "get_attr",
                "value": "primary_connection_string"
              }
            ],
            [
              {
                "type": "get_attr",
                "value": "redis_configuration"
              },
              {
                "type": "index",
                "value": {
                  "value": 0,
                  "type": "number"
                }
              },
              {
                "type": "get_attr",
                "value": "aof_storage_connection_string_0"
              }
            ],
            [
              {
                "type": "get_attr",
                "value": "redis_configuration"
              },
              {
                "type": "index",
                "value": {
                  "value": 0,
                  "type": "number"
                }
              },
              {
                "type": "get_attr",
                "value": "aof_storage_connection_string_1"
              }
            ],
            [
              {
                "type": "get_attr",
                "value": "redis_configuration"
              },
              {
                "type": "index",
                "value": {
                  "value": 0,
                  "type": "number"
                }
              },
              {
                "type": "get_attr",
                "value": "rdb_storage_connection_string"
              }
            ],
            [
              {
                "type": "get_attr",
                "value": "secondary_access_key"
              }
            ],
            [
              {
                "type": "get_attr",
                "value": "secondary_connection_string"
              }
            ]
          ],
          "identity_schema_version": 0,
          "private": "eyJlMmJmYjczMC1lY2FhLTExZTYtOGY4OC0zNDM2M2JjN2M0YzAiOnsiY3JlYXRlIjoxMDgwMDAwMDAwMDAwMCwiZGVsZXRlIjoxMDgwMDAwMDAwMDAwMCwicmVhZCI6MzAwMDAwMDAwMDAwLCJ1cGRhdGUiOjEwODAwMDAwMDAwMDAwfSwic2NoZW1hX3ZlcnNpb24iOiIxIn0=",
          "dependencies": [
            "azurerm_resource_group.rg",
            "data.azurerm_client_config.current",
            "module.keyvault.azurerm_key_vault.kv",
            "module.keyvault.azurerm_key_vault_access_policy.current_user"
          ]
        }
      ]
    }
  ],
  "check_results": null
}
