{
  "version": 4,
  "terraform_version": "1.13.3",
  "serial": 31,
  "lineage": "f6ddb0f4-daf1-ffd3-21f2-bfefefd5fb66",
  "outputs": {},
  "resources": [
    {
      "mode": "data",
      "type": "azurerm_client_config",
      "name": "current",
      "provider": "provider[\"registry.terraform.io/hashicorp/azurerm\"]",
      "instances": [
        {
          "schema_version": 0,
          "attributes": {
            "client_id": "564cc7ee-ef08-475a-9e9a-9d8868e07e08",
            "id": "Y2xpZW50Q29uZmlncy9jbGllbnRJZD01NjRjYzdlZS1lZjA4LTQ3NWEtOWU5YS05ZDg4NjhlMDdlMDg7b2JqZWN0SWQ9NmU3NGE3NWUtYTg0Yi00YzBiLTk2NGYtNmZkMDdmZGY3NDhiO3N1YnNjcmlwdGlvbklkPTg3ZTk0YjFjLWNmYmQtNDFlYy1iYTYxLTcwNjE1YWUzY2YwMzt0ZW5hbnRJZD1iNDFiNzJkMC00ZTlmLTRjMjYtOGE2OS1mOTQ5ZjM2N2M5MWQ=",
            "object_id": "6e74a75e-a84b-4c0b-964f-6fd07fdf748b",
            "subscription_id": "87e94b1c-cfbd-41ec-ba61-70615ae3cf03",
            "tenant_id": "b41b72d0-4e9f-4c26-8a69-f949f367c91d",
            "timeouts": null
          },
          "sensitive_attributes": [],
          "identity_schema_version": 0
        }
      ]
    },
    {
      "mode": "data",
      "type": "azurerm_key_vault_secret",
      "name": "redis_pwd_secret",
      "provider": "provider[\"registry.terraform.io/hashicorp/azurerm\"]",
      "instances": [
        {
          "schema_version": 0,
          "attributes": {
            "content_type": "",
            "expiration_date": null,
            "id": "https://cmtr-2j1y6jsc-mod8-kv.vault.azure.net/secrets/redis-primary-key/7e4359ac567a446a80313b8759e20708",
            "key_vault_id": "/subscriptions/87e94b1c-cfbd-41ec-ba61-70615ae3cf03/resourceGroups/cmtr-2j1y6jsc-mod8-rg/providers/Microsoft.KeyVault/vaults/cmtr-2j1y6jsc-mod8-kv",
            "name": "redis-primary-key",
            "not_before_date": null,
            "resource_id": "/subscriptions/87e94b1c-cfbd-41ec-ba61-70615ae3cf03/resourceGroups/cmtr-2j1y6jsc-mod8-rg/providers/Microsoft.KeyVault/vaults/cmtr-2j1y6jsc-mod8-kv/secrets/redis-primary-key/versions/7e4359ac567a446a80313b8759e20708",
            "resource_versionless_id": "/subscriptions/87e94b1c-cfbd-41ec-ba61-70615ae3cf03/resourceGroups/cmtr-2j1y6jsc-mod8-rg/providers/Microsoft.KeyVault/vaults/cmtr-2j1y6jsc-mod8-kv/secrets/redis-primary-key",
            "tags": {},
            "timeouts": null,
            "value": "UWI68aUaHRt18IoYItptMFhCGvyTcvAzTAzCaFOCX4A=",
            "version": "7e4359ac567a446a80313b8759e20708",
            "versionless_id": "https://cmtr-2j1y6jsc-mod8-kv.vault.azure.net/secrets/redis-primary-key"
          },
          "sensitive_attributes": [
            [
              {
                "type": "get_attr",
                "value": "value"
              }
            ]
          ],
          "identity_schema_version": 0
        }
      ]
    },
    {
      "mode": "data",
      "type": "azurerm_key_vault_secret",
      "name": "redis_url_secret",
      "provider": "provider[\"registry.terraform.io/hashicorp/azurerm\"]",
      "instances": [
        {
          "schema_version": 0,
          "attributes": {
            "content_type": "",
            "expiration_date": null,
            "id": "https://cmtr-2j1y6jsc-mod8-kv.vault.azure.net/secrets/redis-hostname/46edc964138a47bc960ff6804ac11c83",
            "key_vault_id": "/subscriptions/87e94b1c-cfbd-41ec-ba61-70615ae3cf03/resourceGroups/cmtr-2j1y6jsc-mod8-rg/providers/Microsoft.KeyVault/vaults/cmtr-2j1y6jsc-mod8-kv",
            "name": "redis-hostname",
            "not_before_date": null,
            "resource_id": "/subscriptions/87e94b1c-cfbd-41ec-ba61-70615ae3cf03/resourceGroups/cmtr-2j1y6jsc-mod8-rg/providers/Microsoft.KeyVault/vaults/cmtr-2j1y6jsc-mod8-kv/secrets/redis-hostname/versions/46edc964138a47bc960ff6804ac11c83",
            "resource_versionless_id": "/subscriptions/87e94b1c-cfbd-41ec-ba61-70615ae3cf03/resourceGroups/cmtr-2j1y6jsc-mod8-rg/providers/Microsoft.KeyVault/vaults/cmtr-2j1y6jsc-mod8-kv/secrets/redis-hostname",
            "tags": {},
            "timeouts": null,
            "value": "cmtr-2j1y6jsc-mod8-redis.redis.cache.windows.net",
            "version": "46edc964138a47bc960ff6804ac11c83",
            "versionless_id": "https://cmtr-2j1y6jsc-mod8-kv.vault.azure.net/secrets/redis-hostname"
          },
          "sensitive_attributes": [
            [
              {
                "type": "get_attr",
                "value": "value"
              }
            ]
          ],
          "identity_schema_version": 0
        }
      ]
    },
    {
      "mode": "managed",
      "type": "azurerm_resource_group",
      "name": "rg",
      "provider": "provider[\"registry.terraform.io/hashicorp/azurerm\"]",
      "instances": [
        {
          "schema_version": 0,
          "attributes": {
            "id": "/subscriptions/87e94b1c-cfbd-41ec-ba61-70615ae3cf03/resourceGroups/cmtr-2j1y6jsc-mod8-rg",
            "location": "eastus",
            "managed_by": "",
            "name": "cmtr-2j1y6jsc-mod8-rg",
            "tags": {
              "Creator": "ioann_dubinets@epam.com"
            },
            "timeouts": null
          },
          "sensitive_attributes": [],
          "identity_schema_version": 0,
          "private": "eyJlMmJmYjczMC1lY2FhLTExZTYtOGY4OC0zNDM2M2JjN2M0YzAiOnsiY3JlYXRlIjo1NDAwMDAwMDAwMDAwLCJkZWxldGUiOjU0MDAwMDAwMDAwMDAsInJlYWQiOjMwMDAwMDAwMDAwMCwidXBkYXRlIjo1NDAwMDAwMDAwMDAwfX0="
        }
      ]
    },
    {
      "module": "module.acr",
      "mode": "managed",
      "type": "azurerm_container_registry",
      "name": "acr",
      "provider": "provider[\"registry.terraform.io/hashicorp/azurerm\"]",
      "instances": [
        {
          "schema_version": 2,
          "attributes": {
            "admin_enabled": true,
            "admin_password": "M2GfbrPIqfjcRGEsVQYdnAYIGpZZOzbWRwkdfOWhJI+ACRChgZHm",
            "admin_username": "cmtr2j1y6jscmod8cr",
            "anonymous_pull_enabled": false,
            "data_endpoint_enabled": false,
            "encryption": [
              {
                "enabled": false,
                "identity_client_id": "",
                "key_vault_key_id": ""
              }
            ],
            "export_policy_enabled": true,
            "georeplications": [],
            "id": "/subscriptions/87e94b1c-cfbd-41ec-ba61-70615ae3cf03/resourceGroups/cmtr-2j1y6jsc-mod8-rg/providers/Microsoft.ContainerRegistry/registries/cmtr2j1y6jscmod8cr",
            "identity": [],
            "location": "eastus",
            "login_server": "cmtr2j1y6jscmod8cr.azurecr.io",
            "name": "cmtr2j1y6jscmod8cr",
            "network_rule_bypass_option": "AzureServices",
            "network_rule_set": [],
            "public_network_access_enabled": true,
            "quarantine_policy_enabled": false,
            "resource_group_name": "cmtr-2j1y6jsc-mod8-rg",
            "retention_policy": [
              {
                "days": 7,
                "enabled": false
              }
            ],
            "sku": "Basic",
            "tags": {
              "Creator": "ioann_dubinets@epam.com"
            },
            "timeouts": null,
            "trust_policy": [
              {
                "enabled": false
              }
            ],
            "zone_redundancy_enabled": false
          },
          "sensitive_attributes": [
            [
              {
                "type": "get_attr",
                "value": "admin_password"
              }
            ]
          ],
          "identity_schema_version": 0,
          "private": "eyJlMmJmYjczMC1lY2FhLTExZTYtOGY4OC0zNDM2M2JjN2M0YzAiOnsiY3JlYXRlIjoxODAwMDAwMDAwMDAwLCJkZWxldGUiOjE4MDAwMDAwMDAwMDAsInJlYWQiOjMwMDAwMDAwMDAwMCwidXBkYXRlIjoxODAwMDAwMDAwMDAwfSwic2NoZW1hX3ZlcnNpb24iOiIyIn0=",
          "dependencies": [
            "azurerm_resource_group.rg"
          ]
        }
      ]
    },
    {
      "module": "module.acr",
      "mode": "managed",
      "type": "azurerm_container_registry_task",
      "name": "build_app",
      "provider": "provider[\"registry.terraform.io/hashicorp/azurerm\"]",
      "instances": [
        {
          "schema_version": 0,
          "attributes": {
            "agent_pool_name": "",
            "agent_setting": [],
            "base_image_trigger": [],
            "container_registry_id": "/subscriptions/87e94b1c-cfbd-41ec-ba61-70615ae3cf03/resourceGroups/cmtr-2j1y6jsc-mod8-rg/providers/Microsoft.ContainerRegistry/registries/cmtr2j1y6jscmod8cr",
            "docker_step": [
              {
                "arguments": null,
                "cache_enabled": true,
                "context_access_token": "2GypxUUXHmzERQioLPGr",
                "context_path": "https://git.epam.com/ioann_dubinets/task08.git#main:application",
                "dockerfile_path": "Dockerfile",
                "image_names": [
                  "cmtr-2j1y6jsc-mod8-app:latest"
                ],
                "push_enabled": true,
                "secret_arguments": null,
                "target": ""
              }
            ],
            "enabled": true,
            "encoded_step": [],
            "file_step": [],
            "id": "/subscriptions/87e94b1c-cfbd-41ec-ba61-70615ae3cf03/resourceGroups/cmtr-2j1y6jsc-mod8-rg/providers/Microsoft.ContainerRegistry/registries/cmtr2j1y6jscmod8cr/tasks/cmtr-2j1y6jsc-mod8-build-task",
            "identity": [],
            "is_system_task": false,
            "log_template": "",
            "name": "cmtr-2j1y6jsc-mod8-build-task",
            "platform": [
              {
                "architecture": "",
                "os": "Linux",
                "variant": ""
              }
            ],
            "registry_credential": [],
            "source_trigger": [],
            "tags": null,
            "timeout_in_seconds": 3600,
            "timeouts": null,
            "timer_trigger": []
          },
          "sensitive_attributes": [
            [
              {
                "type": "get_attr",
                "value": "docker_step"
              },
              {
                "type": "index",
                "value": {
                  "value": 0,
                  "type": "number"
                }
              },
              {
                "type": "get_attr",
                "value": "context_access_token"
              }
            ],
            [
              {
                "type": "get_attr",
                "value": "docker_step"
              },
              {
                "type": "index",
                "value": {
                  "value": 0,
                  "type": "number"
                }
              },
              {
                "type": "get_attr",
                "value": "secret_arguments"
              }
            ]
          ],
          "identity_schema_version": 0,
          "private": "eyJlMmJmYjczMC1lY2FhLTExZTYtOGY4OC0zNDM2M2JjN2M0YzAiOnsiY3JlYXRlIjoxODAwMDAwMDAwMDAwLCJkZWxldGUiOjE4MDAwMDAwMDAwMDAsInJlYWQiOjMwMDAwMDAwMDAwMCwidXBkYXRlIjoxODAwMDAwMDAwMDAwfX0=",
          "dependencies": [
            "azurerm_resource_group.rg",
            "module.acr.azurerm_container_registry.acr"
          ]
        }
      ]
    },
    {
      "module": "module.aks",
      "mode": "managed",
      "type": "azurerm_key_vault_access_policy",
      "name": "aks_kv_access",
      "provider": "provider[\"registry.terraform.io/hashicorp/azurerm\"]",
      "instances": [
        {
          "schema_version": 0,
          "attributes": {
            "application_id": null,
            "certificate_permissions": null,
            "id": "/subscriptions/87e94b1c-cfbd-41ec-ba61-70615ae3cf03/resourceGroups/cmtr-2j1y6jsc-mod8-rg/providers/Microsoft.KeyVault/vaults/cmtr-2j1y6jsc-mod8-kv/objectId/98edde21-b455-4d11-85bc-d7cbc60716ca",
            "key_permissions": null,
            "key_vault_id": "/subscriptions/87e94b1c-cfbd-41ec-ba61-70615ae3cf03/resourceGroups/cmtr-2j1y6jsc-mod8-rg/providers/Microsoft.KeyVault/vaults/cmtr-2j1y6jsc-mod8-kv",
            "object_id": "98edde21-b455-4d11-85bc-d7cbc60716ca",
            "secret_permissions": [
              "Get",
              "List"
            ],
            "storage_permissions": null,
            "tenant_id": "b41b72d0-4e9f-4c26-8a69-f949f367c91d",
            "timeouts": null
          },
          "sensitive_attributes": [],
          "identity_schema_version": 0,
          "private": "eyJlMmJmYjczMC1lY2FhLTExZTYtOGY4OC0zNDM2M2JjN2M0YzAiOnsiY3JlYXRlIjoxODAwMDAwMDAwMDAwLCJkZWxldGUiOjE4MDAwMDAwMDAwMDAsInJlYWQiOjMwMDAwMDAwMDAwMCwidXBkYXRlIjoxODAwMDAwMDAwMDAwfX0=",
          "dependencies": [
            "azurerm_resource_group.rg",
            "data.azurerm_client_config.current",
            "module.acr.azurerm_container_registry.acr",
            "module.acr.azurerm_container_registry_task.build_app",
            "module.aks.azurerm_kubernetes_cluster.aks",
            "module.keyvault.azurerm_key_vault.kv",
            "module.keyvault.azurerm_key_vault_access_policy.current_user"
          ]
        }
      ]
    },
    {
      "module": "module.aks",
      "mode": "managed",
      "type": "azurerm_kubernetes_cluster",
      "name": "aks",
      "provider": "provider[\"registry.terraform.io/hashicorp/azurerm\"]",
      "instances": [
        {
          "schema_version": 2,
          "attributes": {
            "aci_connector_linux": [],
            "api_server_access_profile": [],
            "api_server_authorized_ip_ranges": [],
            "auto_scaler_profile": [],
            "automatic_channel_upgrade": "",
            "azure_active_directory_role_based_access_control": [],
            "azure_policy_enabled": false,
            "confidential_computing": [],
            "cost_analysis_enabled": false,
            "current_kubernetes_version": "1.32.7",
            "custom_ca_trust_certificates_base64": null,
            "default_node_pool": [
              {
                "capacity_reservation_group_id": "",
                "custom_ca_trust_enabled": false,
                "enable_auto_scaling": false,
                "enable_host_encryption": false,
                "enable_node_public_ip": false,
                "fips_enabled": false,
                "gpu_instance": "",
                "host_group_id": "",
                "kubelet_config": [],
                "kubelet_disk_type": "OS",
                "linux_os_config": [],
                "max_count": 0,
                "max_pods": 250,
                "message_of_the_day": "",
                "min_count": 0,
                "name": "system",
                "node_count": 1,
                "node_labels": {},
                "node_network_profile": [],
                "node_public_ip_prefix_id": "",
                "node_taints": null,
                "only_critical_addons_enabled": false,
                "orchestrator_version": "1.32",
                "os_disk_size_gb": 128,
                "os_disk_type": "Managed",
                "os_sku": "Ubuntu",
                "pod_subnet_id": "",
                "proximity_placement_group_id": "",
                "scale_down_mode": "Delete",
                "snapshot_id": "",
                "tags": null,
                "temporary_name_for_rotation": "",
                "type": "VirtualMachineScaleSets",
                "ultra_ssd_enabled": false,
                "upgrade_settings": [
                  {
                    "drain_timeout_in_minutes": 0,
                    "max_surge": "10%",
                    "node_soak_duration_in_minutes": 0
                  }
                ],
                "vm_size": "Standard_D2ads_v6",
                "vnet_subnet_id": "",
                "workload_runtime": "",
                "zones": null
              }
            ],
            "disk_encryption_set_id": "",
            "dns_prefix": "cmtr-2j1y6jsc-mod8-aks-dns",
            "dns_prefix_private_cluster": "",
            "edge_zone": "",
            "enable_pod_security_policy": false,
            "fqdn": "cmtr-2j1y6jsc-mod8-aks-dns-8rvhtg7o.hcp.eastus.azmk8s.io",
            "http_application_routing_enabled": false,
            "http_application_routing_zone_name": "",
            "http_proxy_config": [],
            "id": "/subscriptions/87e94b1c-cfbd-41ec-ba61-70615ae3cf03/resourceGroups/cmtr-2j1y6jsc-mod8-rg/providers/Microsoft.ContainerService/managedClusters/cmtr-2j1y6jsc-mod8-aks",
            "identity": [
              {
                "identity_ids": null,
                "principal_id": "98edde21-b455-4d11-85bc-d7cbc60716ca",
                "tenant_id": "b41b72d0-4e9f-4c26-8a69-f949f367c91d",
                "type": "SystemAssigned"
              }
            ],
            "image_cleaner_enabled": false,
            "image_cleaner_interval_hours": 48,
            "ingress_application_gateway": [],
            "key_management_service": [],
            "key_vault_secrets_provider": [
              {
                "secret_identity": [
                  {
                    "client_id": "a868afeb-5fd3-4d8b-9aa8-7e85b2fc254c",
                    "object_id": "6d78220d-5f9b-4d3b-9028-240f1fa26e80",
                    "user_assigned_identity_id": "/subscriptions/87e94b1c-cfbd-41ec-ba61-70615ae3cf03/resourcegroups/MC_cmtr-2j1y6jsc-mod8-rg_cmtr-2j1y6jsc-mod8-aks_eastus/providers/Microsoft.ManagedIdentity/userAssignedIdentities/azurekeyvaultsecretsprovider-cmtr-2j1y6jsc-mod8-aks"
                  }
                ],
                "secret_rotation_enabled": true,
                "secret_rotation_interval": "2m"
              }
            ],
            "kube_admin_config": [],
            "kube_admin_config_raw": "",
            "kube_config": [
              {
                "client_certificate": "LS0tLS1CRUdJTiBDRVJUSUZJQ0FURS0tLS0tCk1JSUZIVENDQXdXZ0F3SUJBZ0lRUVo3d3lqMHBVWUFldGc1dzRMRDB1akFOQmdrcWhraUc5dzBCQVFzRkFEQU4KTVFzd0NRWURWUVFERXdKallUQWVGdzB5TlRFd01Ua3hORFV5TWpGYUZ3MHlOekV3TVRreE5UQXlNakZhTURBeApGekFWQmdOVkJBb1REbk41YzNSbGJUcHRZWE4wWlhKek1SVXdFd1lEVlFRREV3eHRZWE4wWlhKamJHbGxiblF3CmdnSWlNQTBHQ1NxR1NJYjNEUUVCQVFVQUE0SUNEd0F3Z2dJS0FvSUNBUURDZ0lOUVFubXE4Zis2bWJIeG1kMGcKUFZsaWVqajFEUWxBemZaa0JKcTZBMy9VTE55THRxOXhPY0hjVXpkb21GYWl0eUxIdVFyMzllemFsTERZanFIYwpwRGV2SkpRNjlZNmthTEFTODJFaG5pa0dTcFFJRU84TWdURlRYeEhFcHkyd09TVm1PdmIxMGFYcTcrUVdJMjl6ClhTVm8yM2d4eWtyWXBMSVF4Qk9McTgvQ3YyQUtwOUcwMnpiNm4xZ2llQmd5eWdEcUpqd3dNMTNpUDZuOHU1b3IKZzFkRk9UVlY2US9NNHdzNnpZWE95N2FPTWYyYW81NFNKTHJXU2doOEovYjkrS01hL0JkbW9TTlJlWHUxdTZrUwpGYWhOV3ZmRldzYjJrR2JEOTI4cDRhbDNKd2lGTUdSQ2g2N0xyYXVKRjZlT2JMZHNzTHJwcFlhMTdiaGJ6cUpxCmcySkZ3aUFKSXRITHVVQzlGUU1tSm5NZXFQaDFsVTVNOHpQVTBpOGNBS2R6WFRYU3V4dG5DTFdQUmdQSlc5bmwKcXpZcHZEL2hlWkdKWlduME9NTERDSnRRTHlrZ3hBNC9pcTlhK2dsQ3poNlpZaURCeDRQZWZEbm9vb2J3SzQ1dwp3WVVyZEMxajc3T1FOeEpIejRGUU9zdWZPYm1DaVhuK2VWNm1xZVA5R0Fub000K3BIdFk5b1JGWEt2NVVwbEl6Cm5UM1BsMkZpQURwamxSL2xvd2N2Sm5KWmVBR1oybS9JMTQ1NkhaNXE5bDJUYkFCTDl5M3p3UEFsTE50YStEWnEKcVdubmZVTzlFSWdCbk9Jd054UFVkcjJscW85YnYrVE81L1FCbE1PVHd4WnBVVDkyQ3pMc1VQY3VaelZCR0hQeQpkeFVHd3pxOFBlNkx0dGlrMVN3bW9RSURBUUFCbzFZd1ZEQU9CZ05WSFE4QkFmOEVCQU1DQmFBd0V3WURWUjBsCkJBd3dDZ1lJS3dZQkJRVUhBd0l3REFZRFZSMFRBUUgvQkFJd0FEQWZCZ05WSFNNRUdEQVdnQlJYdEtTV2I5MVUKRXNpaVVxQ3F2ditpbGp4NjN6QU5CZ2txaGtpRzl3MEJBUXNGQUFPQ0FnRUFlQnJuRmNnMjVOdTBXaXRDTTRuawpKQUF1SEhzYlBCWG02YUNyQTJGQnJVYWR1Tm9NbnRUUlhBLzZtWkhpUWkrbFRtUDVXS2FIZVZVNktCbUVtNEduCjhnc0c0K1NrMmxxTWNYTVJWTzA2QUFPR3A4KzJIT2VnNURwblMva0FiWFE4bXF1M1RMVWV2S0lYWEhESUp3NHoKckJ4bmp6RStDOEtoRWtIUSt0ZlpDTGpUMGhHdkVyM2Q3MmFDZXdxV2MwWHBlZ2wzaFR5elo1SXFzSU9uSDlZdwpoS0FjRndjUUYxU0FZUXRnbURra3NGZjliRnA1bmJROExZR013bTlRem9yRHBtckJtNUlhYVZZc2dDQlZNNDdOCmhxYUZFTjBBamZLL0lZU2QrdGllSHZXN0lGTHg5VVFjWmFSUmUxdVlhZHdiWjA1dTNjdEtIR3VST2JTRmpEZWIKd2tQOGp3MXUzVFBRL25zTmRIMzRBbmhXMytMSjRzYmJzdXN0ZEFBU2pxaXh5akpDL29FYlkrVHh6V2E4WDJvKwpGeHEyN0JlblpDaTdndkZvVWFWNGVkYmtvL3JpbHJyT3FkMUJNcVVmdXhKYW9DRGdRL01wY2NkYTh0UjVxR1JkCnRNZm1wdjFHbXFKano5aEx1aVZiMC9sd0tTZmxZbXRGTDgySXpCYUhEbkhLc3hLNXFlQkJSM0FaZW1STmN0dngKaW83S1dzR3duYUphNEkwMUd0eHozZ08yZURlUmNCUU5jVzFPYWVmZTZWZFBKT0dGaVNpUVVSVGR2SWhxT2tSbApJeFN2TzFXMEk0L2tETGFkbjkwVmNJZmx3clJ1aFp0RXRVMjY4cXI2Q3RXVEFxc0M0NTVjci9CYjYyczhIdWxvCmFacW5Ia3doaXFiSUlMR3dCREdiQ2Y0PQotLS0tLUVORCBDRVJUSUZJQ0FURS0tLS0tCg==",
                "client_key": "LS0tLS1CRUdJTiBSU0EgUFJJVkFURSBLRVktLS0tLQpNSUlKS2dJQkFBS0NBZ0VBd29DRFVFSjVxdkgvdXBteDhabmRJRDFaWW5vNDlRMEpRTTMyWkFTYXVnTi8xQ3pjCmk3YXZjVG5CM0ZNM2FKaFdvcmNpeDdrSzkvWHMycFN3Mkk2aDNLUTNyeVNVT3ZXT3BHaXdFdk5oSVo0cEJrcVUKQ0JEdkRJRXhVMThSeEtjdHNEa2xaanIyOWRHbDZ1L2tGaU52YzEwbGFOdDRNY3BLMktTeUVNUVRpNnZQd3I5ZwpDcWZSdE5zMitwOVlJbmdZTXNvQTZpWThNRE5kNGorcC9MdWFLNE5YUlRrMVZla1B6T01MT3MyRnpzdTJqakg5Cm1xT2VFaVM2MWtvSWZDZjIvZmlqR3Z3WFpxRWpVWGw3dGJ1cEVoV29UVnIzeFZyRzlwQm13L2R2S2VHcGR5Y0kKaFRCa1FvZXV5NjJyaVJlbmpteTNiTEM2NmFXR3RlMjRXODZpYW9OaVJjSWdDU0xSeTdsQXZSVURKaVp6SHFqNApkWlZPVFBNejFOSXZIQUNuYzEwMTByc2Jad2kxajBZRHlWdlo1YXMyS2J3LzRYbVJpV1ZwOURqQ3d3aWJVQzhwCklNUU9QNHF2V3ZvSlFzNGVtV0lnd2NlRDNudzU2S0tHOEN1T2NNR0ZLM1F0WSsremtEY1NSOCtCVURyTG56bTUKZ29sNS9ubGVwcW5qL1JnSjZET1BxUjdXUGFFUlZ5citWS1pTTTUwOXo1ZGhZZ0E2WTVVZjVhTUhMeVp5V1hnQgptZHB2eU5lT2VoMmVhdlpkazJ3QVMvY3Q4OER3SlN6Yld2ZzJhcWxwNTMxRHZSQ0lBWnppTURjVDFIYTlwYXFQClc3L2t6dWYwQVpURGs4TVdhVkUvZGdzeTdGRDNMbWMxUVJoejhuY1ZCc002dkQzdWk3YllwTlVzSnFFQ0F3RUEKQVFLQ0FnQTJEcTZ3VTFGcVkranR6VUtxQWRmMTJtY3AyZ3RUZkNTS3VOT1dkN3NqSU03Wnd3QW02b2EzUXRTdwo3Z1h6MFljZW9TU08rc3hrSHhzTm93N0ZtVnErTG52MWR3YWxubExmT2VOWjJQK3hicm83TCtZVm1kTStsL2VFCkV1T20wc245ZE55Q25iZSttVjV5UGVzWUJoQTNNWGV3dlhLWjcvMitXWVBONmhqK2xDbGhtSHZTYWxMNzM0TlgKdzRxa3hkai80S25CYWhBSFczZG41c2JSWWJpWENHRnNjVnB6L3Byd0dGZ3FKeTNkekR0NEtNZXh2M0N5M1RkNgpVRWdzYlpVVmdCR2c4ZGgxSXlya1BZM1c5QW1vNTVFSHN0VXpLaWdySmZZUjJBYXl6cStoV0oxakd4QjZkeWhyCkhtRVM4SnFXbUh1Z1B6d3JyT0FVVnpZS2VoTWtaMDlzV0JMTjVWOHZtdHQyanl1ZHJhZnF0aktBU1d1NkthSGUKeTNPb2hyNHBMYTVpdEp6OE1tVkFydkxlT0RDU0hVNkpIY3phbjd4UHh3ZUM3RnNXUS8xRHIzQWZkb1BpRHpoSQpNcytLbE0zQ1JNUWNycS9yRFdsUW00Nno0bmY4T2hUZ0pCMWo2SDdHVTZDQzhTSzFZTXNnbHpiQzhSbmRiclFZCmtIVEZOQUFPSFJxcS9Bd3VXcEFCNHpTRDIyUzdJQ1c2QmhFaEZZdVRjRDdMOVZndzFJcW5kYjk5MnhQeEpETXIKYTh1RkpTMzBmYVlld0h2T2xJbkgvWlE0UW1FY1hOdUVNeUdzRzF1Umxra0NlNWFRNFpMekYvRlJKQzRFVnRPaQovaDVVdTdCL1NZN2RVSk9xdXF0ODNGWmlENnZTUUcxRmd1WVRhOXN6ZGRhUWdPRmVRd0tDQVFFQS9OR3NXNk1KCkx4citFNlJaeG1yMmEzTFl2WkY5ek50UFFQVGo1a0t4bHh4a2QwN3R4Nkk4aTZkWVBLM2FVWHYwWTg5SE9FUFIKVEY4eTlPVzY1bWdLeEovZ04yd3ZqajYyRWhnaVIzYjZsNVhwb2hTWjNPanNsY0lpQnZEekVjUGxKVXVWRmJsNQoxMEt1QStGQ3djem9NS0cxNXp1bzc3Q2s2SmRXVDdsdGhxdFp5c0gxeHBoSGRNQTZqeVNJN20zM3BQL2RiaHJYClZUWEhjdnNnUFB0THhCcm5MVllPMVdtSi8wcHY2ay85SUU5VWJXR2dsTis3c0cvMzFVSS9DcUw0S1ExaEdHcWoKT050bmxmekFuMWtnNDdvS2RDb1JxVHpaYlJCUnZTVysvT0luRkJaTExGQTdhdEw5NlgzUlFqUlFOK1JqMkRDUQoyL0h2djN4SFlKMmpXd0tDQVFFQXhQTUFWSXVhWmFQL2x2NDF4bG80b3ltemliRFJtTzRQWktZeCs4T0xlR3l1CkU4TDZvellIZHp6Und5R3RCa3RHQmc4dk1ZaHR6UWozcEg1dkhHMGIxQWRjUU13YUJmRkNvanl6L2MyVW5lTS8KU0tsRWZFbklVSS9aNzFBSU01ckRkbnlPR1E2ZFZrNnRSenFScDdGOVp5Syt3SzdNNnhNbW0vQUlvVklZTkVZdwoyRUs1NElya1AvbHVsa3NoM2owWVZlczdQZUo2RXUrOUpMZ3BCZ3p0QWlUbjFUT0hONE1JenpJejR5T1R0ZnM0CmVNU1krbFcxazA5ZzhHZStmYUcrbTdheFBOdHFxQ045MEdsa1hsMDg1ckQ3c1ZjNStZdm54MlBCbFRCMWt2NFMKTDF0ZmJkMVd3Uk56SmV1VEIzb1lkUzVSZC9HN0ZoeE1XSHFLOVZJcXN3S0NBUUVBa09XMjdCcEg5RGg3TUZTOApvMHpBaUpxZEFDRDN3Y1piNlBXeC9GRnpLUkU3djJsOFBET09rZGZLYVpTV2tLY0RUWVVKNDRSeTIxdWdmOTErCnZma1pXdEhxbHJrcGxGUDYwK29ERTRSc1lSNnBkWnhyQnNKMGZleHl4aG1vcGlEcEh2UHZzVERKVlFkQlpyWGYKSmVYRG1jUEUxbzlKNW40T05jUXUwcWlLem1rOG9FbUVERnRRY09pUFoyVGdHZzdxcFNXRUNrdlY2RjlYUFY0Uwpmd0RqenJSQWxLcEMvQ3R0ek9RanVsNDN6Q0hMV0psZ2lKS21KcHcxcFlNL1VHQlE3RzVmbkxmWmJvZkpHWnh2CjVhUVdobzRrMmFrVzBERXd5Q0pYUnBud21VMGdhcEhRYWNoZUZYNXh5ald6RGtlZlJqbGV4QlFwb2ZWS25DdWwKV1FsZ0N3S0NBUUVBcUlVNUdoNmVEU3huemI1Vkt4VVY4MThDVmVYcllvMEl0Tm1VV1ZXMzZHSXVEWkMvdjVuQwpoNStONlFiT3MxMERYTG52YXRYUEJpc1BJenhnUEpXTHcwQk5DdERaejQzaHMwcDN4TXI4eUtDakRMeHhjbHY3CndCdG1vbVA3c0pSVGZmWVQ3Skxady9qc1FjOTJ4R09WNXdNTzczWml0eDZhNGNGZzBSQ2F6MWZrQVpnT3puaHAKMStmSlhXYUtZMHdwbjVMNURQblY5SkFZYXV2OWhrVFhKQWVLSzU2OHE1NCtrblBsZkF4OEhySUlYeVh4cy9wVQp0T2l1RE9ib1V6MXNDSGNwYnVaY2UrUnFpa016ODU2YU50Ym5kcFlwY0VMckgyeFhQeDNJN083amhvd0x1c2t5CnEyREdIWU5XT29hWm1PTDZLTVM1amJESERzcEVUcWR4Q3dLQ0FRRUFwOEFYUDEvcXZZZFFQVUVkUU13ajViY1kKTGRmZkdQWlI3ck9PTU0zd1hBazdpK1VBdERXVTBEZ2ptU2xRYmtuOXlGVldwWHM1Nk9WQ0wxd2VXMkRYZFQ3Mwp3K29aWTVZK2l4dnZXMWFFSGl5clZSYWhLY1dsWk02RXZpMENDcDBCTTk5MTZqQTBzL08rbFRlWE1GTm01Tkc4CjZVbmpmK0lIRDU0SzhjTm8wSXVmUE9LSm04ME9MTWs3b3c4UFRrMDZrN3RCSGV2VjNqQVhJaEY1RzRWMW1SNkQKSFRPVTM2U1h1bi9WSURrcFAzRzRnU0pjc2xmYkY0cmNqZGJCN0ZPa2JRWlNXRW1QcFlLc21oYnQ4VmZRK3RMegpuZG5LdjAzSE9YTFVBR1k0MURTVWUyMGxDZjZydllLM1NkbTA2VjE0MEo4Wlp2RzBnejB3UlZxYTVxS0VGUT09Ci0tLS0tRU5EIFJTQSBQUklWQVRFIEtFWS0tLS0tCg==",
                "cluster_ca_certificate": "LS0tLS1CRUdJTiBDRVJUSUZJQ0FURS0tLS0tCk1JSUU2RENDQXRDZ0F3SUJBZ0lRVUFCZk5oY3JaNDQraXk4YTBrN21RREFOQmdrcWhraUc5dzBCQVFzRkFEQU4KTVFzd0NRWURWUVFERXdKallUQWdGdzB5TlRFd01Ua3hORFV5TWpGYUdBOHlNRFUxTVRBeE9URTFNREl5TVZvdwpEVEVMTUFrR0ExVUVBeE1DWTJFd2dnSWlNQTBHQ1NxR1NJYjNEUUVCQVFVQUE0SUNEd0F3Z2dJS0FvSUNBUUM3CkdYU1RVOFVBRVhqNFZzRmp1SDBOTjEvRlphZysxQWErN0s3TjZjK3hKR25SY2hxS1BjR1l6M0xmZS9Bakt6bUcKVWdDeVZWZHlObXRLZEF4dG9nSklibWhLQWZxcTJzNjR4dUUwMjlld25TVWVkWU9qa3Q3L1Y4aDA5NXgyUW4yTAoySzgyNzNXNlhvZlJJZk15VXJlZTJBUnlINWNaNXUwTnpkcUwvbXh4RHNMVFlrSHBQa09UTndWdGdMc2F6R1JrCmQyNEZvTitzSi9HMHBsaFEvbHRWNjlKeGxBWnR3T3FQUFUwU1c5VytsellKZCsrNFZyTExBR3JKUlBLOEJ0SHYKaDlSZFdtVzA5MmlRSGV4ZEpGUnczc09EaU9jWThGOHRRbEx2alhad0dMeVNDVXEwNWppS3Q2VEg0bmlhZ3ZFVQp0ZlNpQjgveEFERzgxQXpSbEVNWEdkYndUN3M3L0NpYURCT2J2UU9YSlArZ0VacDY4djEwUVJYNzJTOVpWU2QyCjZDeDFvNjZTZzdybVVrdUlucitPS3dWNWFOVXFPbHYzWjA0UFY4SC8yN0dVZnBaT1BmR0FlbXVqaGVNVDd0dEwKRXVSM2hSOWQ1RjdzZGliblZjc0NRdlNvbVZScDVzeWdTOTh2aklHQkdKamFKU1JJZ1I1Q0RtUHZVUkFvVUhPWApyL2JydVlNakZsaFVSbTE4dGl0VlU1aXNESTNGcWRMY0E2b2FsWmVKVm9CVG90amU3ZHRnQlExTnY4MmUrN2JtCnFRL2pKa3ZhOXR1bm56aGJnV3JSMHBUd1N1c0NOcXl1N1VPZ3FsRjA3aVNmM0pQSmwvOFRHaHAreDZVVUdrRjAKMVZpbkVhbnk5aEJOeDAzUy9icFlxZGlPeUtJZ3lFR1MvRVJla1R3c1dRSURBUUFCbzBJd1FEQU9CZ05WSFE4QgpBZjhFQkFNQ0FxUXdEd1lEVlIwVEFRSC9CQVV3QXdFQi96QWRCZ05WSFE0RUZnUVVWN1NrbG0vZFZCTElvbEtnCnFyNy9vcFk4ZXQ4d0RRWUpLb1pJaHZjTkFRRUxCUUFEZ2dJQkFJQXZ6cTdJUTlHU3owY0NlZ2kvaWF3WVA5eHAKOGlPZHRHQzF2U1JsZGJXOEpTVW15OTlIemdhK2ZJTjYvZ3Qya2VXRFhQdG5jS0EzNm80MGozcHU2NC9TMHo1MQpuczZXS3JPRTNKb2VKLzJnSTRwcXZOd3VBMHpnQWZ2M3J5dDVXQmpvWU1pYmRZSEJIWGJyN1VmcHVpUlBaM0tKCkdZeEN1RmZZS3hOdW4wNlJjZytNN2xoQ3Y2YWJNR0VPODU2d253MHhsTThiclc1eDQ5ZmlENStIRDJ4OEF6NW0KMHV4a0VBTktSZnJleStRaHQyWXRFSlNuN2t6elovTlVoNVhBSHNPcVZ3dzFPTlhNa0Q4dkJpQzJibmY3VENLeApuekYySWpCU1kzREIvcWxiVHVuK3phL2I3d1pPQlJDV25TeE1Cdlg4UnZTYlNERFpuNWY2ZXo3dTlVUGl0Z0czCkVKMkx1cnYwMmVqUmVyd1VkUkkyNVArbC9PSGhjMDJGVENRdXVQcHpPTTk5RFBGdFBhb3RkKzRZZnRDeW1HZ0wKU0t5K05mSmxFenNEK1BTeTFJR2FaZVVGZXNzT1kxMlVCTDdKTGhOY3ZYbFBpc3ZseHRKQ2daNUxTZDRYbXdSNgowdFRXZitUT1N6SUltbmtBVEJhTTZmejlXaGRRdDNSekl2YThscFVGMlduWU9DQWtXVElubkhIRU1YTjVGUDhuCndnVWhuZmZ0SDRISHhuVnV5V2haNVJVSitRQ1FPK2wvUC9XOHF4cUpkRlJJNXQ1ZzVZb2R1SFBjTC9yT2V2TFYKbkdFQ3lNQWVLTkowT0hSMUJwMFJMMVBBTkxheklsS0VHcjBHd2x5bG1qVTA2QVhjdG83REMyckNjY0FsYThkVgo4RHFXc1ZVMmFjSXdZV2V5Ci0tLS0tRU5EIENFUlRJRklDQVRFLS0tLS0K",
                "host": "https://cmtr-2j1y6jsc-mod8-aks-dns-8rvhtg7o.hcp.eastus.azmk8s.io:443",
                "password": "sddf9zc9bbenkwqrnszg7a9wagl4j2dxmz77a0hqc3owmrmvbfhwwd9tcwfppiqvkevitli6pdu1er53qkqem87ztfqieo8gueq1ikcx70wige8m2cia9ucddgfrbxne",
                "username": "clusterUser_cmtr-2j1y6jsc-mod8-rg_cmtr-2j1y6jsc-mod8-aks"
              }
            ],
            "kube_config_raw": "apiVersion: v1\nclusters:\n- cluster:\n    certificate-authority-data: LS0tLS1CRUdJTiBDRVJUSUZJQ0FURS0tLS0tCk1JSUU2RENDQXRDZ0F3SUJBZ0lRVUFCZk5oY3JaNDQraXk4YTBrN21RREFOQmdrcWhraUc5dzBCQVFzRkFEQU4KTVFzd0NRWURWUVFERXdKallUQWdGdzB5TlRFd01Ua3hORFV5TWpGYUdBOHlNRFUxTVRBeE9URTFNREl5TVZvdwpEVEVMTUFrR0ExVUVBeE1DWTJFd2dnSWlNQTBHQ1NxR1NJYjNEUUVCQVFVQUE0SUNEd0F3Z2dJS0FvSUNBUUM3CkdYU1RVOFVBRVhqNFZzRmp1SDBOTjEvRlphZysxQWErN0s3TjZjK3hKR25SY2hxS1BjR1l6M0xmZS9Bakt6bUcKVWdDeVZWZHlObXRLZEF4dG9nSklibWhLQWZxcTJzNjR4dUUwMjlld25TVWVkWU9qa3Q3L1Y4aDA5NXgyUW4yTAoySzgyNzNXNlhvZlJJZk15VXJlZTJBUnlINWNaNXUwTnpkcUwvbXh4RHNMVFlrSHBQa09UTndWdGdMc2F6R1JrCmQyNEZvTitzSi9HMHBsaFEvbHRWNjlKeGxBWnR3T3FQUFUwU1c5VytsellKZCsrNFZyTExBR3JKUlBLOEJ0SHYKaDlSZFdtVzA5MmlRSGV4ZEpGUnczc09EaU9jWThGOHRRbEx2alhad0dMeVNDVXEwNWppS3Q2VEg0bmlhZ3ZFVQp0ZlNpQjgveEFERzgxQXpSbEVNWEdkYndUN3M3L0NpYURCT2J2UU9YSlArZ0VacDY4djEwUVJYNzJTOVpWU2QyCjZDeDFvNjZTZzdybVVrdUlucitPS3dWNWFOVXFPbHYzWjA0UFY4SC8yN0dVZnBaT1BmR0FlbXVqaGVNVDd0dEwKRXVSM2hSOWQ1RjdzZGliblZjc0NRdlNvbVZScDVzeWdTOTh2aklHQkdKamFKU1JJZ1I1Q0RtUHZVUkFvVUhPWApyL2JydVlNakZsaFVSbTE4dGl0VlU1aXNESTNGcWRMY0E2b2FsWmVKVm9CVG90amU3ZHRnQlExTnY4MmUrN2JtCnFRL2pKa3ZhOXR1bm56aGJnV3JSMHBUd1N1c0NOcXl1N1VPZ3FsRjA3aVNmM0pQSmwvOFRHaHAreDZVVUdrRjAKMVZpbkVhbnk5aEJOeDAzUy9icFlxZGlPeUtJZ3lFR1MvRVJla1R3c1dRSURBUUFCbzBJd1FEQU9CZ05WSFE4QgpBZjhFQkFNQ0FxUXdEd1lEVlIwVEFRSC9CQVV3QXdFQi96QWRCZ05WSFE0RUZnUVVWN1NrbG0vZFZCTElvbEtnCnFyNy9vcFk4ZXQ4d0RRWUpLb1pJaHZjTkFRRUxCUUFEZ2dJQkFJQXZ6cTdJUTlHU3owY0NlZ2kvaWF3WVA5eHAKOGlPZHRHQzF2U1JsZGJXOEpTVW15OTlIemdhK2ZJTjYvZ3Qya2VXRFhQdG5jS0EzNm80MGozcHU2NC9TMHo1MQpuczZXS3JPRTNKb2VKLzJnSTRwcXZOd3VBMHpnQWZ2M3J5dDVXQmpvWU1pYmRZSEJIWGJyN1VmcHVpUlBaM0tKCkdZeEN1RmZZS3hOdW4wNlJjZytNN2xoQ3Y2YWJNR0VPODU2d253MHhsTThiclc1eDQ5ZmlENStIRDJ4OEF6NW0KMHV4a0VBTktSZnJleStRaHQyWXRFSlNuN2t6elovTlVoNVhBSHNPcVZ3dzFPTlhNa0Q4dkJpQzJibmY3VENLeApuekYySWpCU1kzREIvcWxiVHVuK3phL2I3d1pPQlJDV25TeE1Cdlg4UnZTYlNERFpuNWY2ZXo3dTlVUGl0Z0czCkVKMkx1cnYwMmVqUmVyd1VkUkkyNVArbC9PSGhjMDJGVENRdXVQcHpPTTk5RFBGdFBhb3RkKzRZZnRDeW1HZ0wKU0t5K05mSmxFenNEK1BTeTFJR2FaZVVGZXNzT1kxMlVCTDdKTGhOY3ZYbFBpc3ZseHRKQ2daNUxTZDRYbXdSNgowdFRXZitUT1N6SUltbmtBVEJhTTZmejlXaGRRdDNSekl2YThscFVGMlduWU9DQWtXVElubkhIRU1YTjVGUDhuCndnVWhuZmZ0SDRISHhuVnV5V2haNVJVSitRQ1FPK2wvUC9XOHF4cUpkRlJJNXQ1ZzVZb2R1SFBjTC9yT2V2TFYKbkdFQ3lNQWVLTkowT0hSMUJwMFJMMVBBTkxheklsS0VHcjBHd2x5bG1qVTA2QVhjdG83REMyckNjY0FsYThkVgo4RHFXc1ZVMmFjSXdZV2V5Ci0tLS0tRU5EIENFUlRJRklDQVRFLS0tLS0K\n    server: https://cmtr-2j1y6jsc-mod8-aks-dns-8rvhtg7o.hcp.eastus.azmk8s.io:443\n  name: cmtr-2j1y6jsc-mod8-aks\ncontexts:\n- context:\n    cluster: cmtr-2j1y6jsc-mod8-aks\n    user: clusterUser_cmtr-2j1y6jsc-mod8-rg_cmtr-2j1y6jsc-mod8-aks\n  name: cmtr-2j1y6jsc-mod8-aks\ncurrent-context: cmtr-2j1y6jsc-mod8-aks\nkind: Config\npreferences: {}\nusers:\n- name: clusterUser_cmtr-2j1y6jsc-mod8-rg_cmtr-2j1y6jsc-mod8-aks\n  user:\n    client-certificate-data: LS0tLS1CRUdJTiBDRVJUSUZJQ0FURS0tLS0tCk1JSUZIVENDQXdXZ0F3SUJBZ0lRUVo3d3lqMHBVWUFldGc1dzRMRDB1akFOQmdrcWhraUc5dzBCQVFzRkFEQU4KTVFzd0NRWURWUVFERXdKallUQWVGdzB5TlRFd01Ua3hORFV5TWpGYUZ3MHlOekV3TVRreE5UQXlNakZhTURBeApGekFWQmdOVkJBb1REbk41YzNSbGJUcHRZWE4wWlhKek1SVXdFd1lEVlFRREV3eHRZWE4wWlhKamJHbGxiblF3CmdnSWlNQTBHQ1NxR1NJYjNEUUVCQVFVQUE0SUNEd0F3Z2dJS0FvSUNBUURDZ0lOUVFubXE4Zis2bWJIeG1kMGcKUFZsaWVqajFEUWxBemZaa0JKcTZBMy9VTE55THRxOXhPY0hjVXpkb21GYWl0eUxIdVFyMzllemFsTERZanFIYwpwRGV2SkpRNjlZNmthTEFTODJFaG5pa0dTcFFJRU84TWdURlRYeEhFcHkyd09TVm1PdmIxMGFYcTcrUVdJMjl6ClhTVm8yM2d4eWtyWXBMSVF4Qk9McTgvQ3YyQUtwOUcwMnpiNm4xZ2llQmd5eWdEcUpqd3dNMTNpUDZuOHU1b3IKZzFkRk9UVlY2US9NNHdzNnpZWE95N2FPTWYyYW81NFNKTHJXU2doOEovYjkrS01hL0JkbW9TTlJlWHUxdTZrUwpGYWhOV3ZmRldzYjJrR2JEOTI4cDRhbDNKd2lGTUdSQ2g2N0xyYXVKRjZlT2JMZHNzTHJwcFlhMTdiaGJ6cUpxCmcySkZ3aUFKSXRITHVVQzlGUU1tSm5NZXFQaDFsVTVNOHpQVTBpOGNBS2R6WFRYU3V4dG5DTFdQUmdQSlc5bmwKcXpZcHZEL2hlWkdKWlduME9NTERDSnRRTHlrZ3hBNC9pcTlhK2dsQ3poNlpZaURCeDRQZWZEbm9vb2J3SzQ1dwp3WVVyZEMxajc3T1FOeEpIejRGUU9zdWZPYm1DaVhuK2VWNm1xZVA5R0Fub000K3BIdFk5b1JGWEt2NVVwbEl6Cm5UM1BsMkZpQURwamxSL2xvd2N2Sm5KWmVBR1oybS9JMTQ1NkhaNXE5bDJUYkFCTDl5M3p3UEFsTE50YStEWnEKcVdubmZVTzlFSWdCbk9Jd054UFVkcjJscW85YnYrVE81L1FCbE1PVHd4WnBVVDkyQ3pMc1VQY3VaelZCR0hQeQpkeFVHd3pxOFBlNkx0dGlrMVN3bW9RSURBUUFCbzFZd1ZEQU9CZ05WSFE4QkFmOEVCQU1DQmFBd0V3WURWUjBsCkJBd3dDZ1lJS3dZQkJRVUhBd0l3REFZRFZSMFRBUUgvQkFJd0FEQWZCZ05WSFNNRUdEQVdnQlJYdEtTV2I5MVUKRXNpaVVxQ3F2ditpbGp4NjN6QU5CZ2txaGtpRzl3MEJBUXNGQUFPQ0FnRUFlQnJuRmNnMjVOdTBXaXRDTTRuawpKQUF1SEhzYlBCWG02YUNyQTJGQnJVYWR1Tm9NbnRUUlhBLzZtWkhpUWkrbFRtUDVXS2FIZVZVNktCbUVtNEduCjhnc0c0K1NrMmxxTWNYTVJWTzA2QUFPR3A4KzJIT2VnNURwblMva0FiWFE4bXF1M1RMVWV2S0lYWEhESUp3NHoKckJ4bmp6RStDOEtoRWtIUSt0ZlpDTGpUMGhHdkVyM2Q3MmFDZXdxV2MwWHBlZ2wzaFR5elo1SXFzSU9uSDlZdwpoS0FjRndjUUYxU0FZUXRnbURra3NGZjliRnA1bmJROExZR013bTlRem9yRHBtckJtNUlhYVZZc2dDQlZNNDdOCmhxYUZFTjBBamZLL0lZU2QrdGllSHZXN0lGTHg5VVFjWmFSUmUxdVlhZHdiWjA1dTNjdEtIR3VST2JTRmpEZWIKd2tQOGp3MXUzVFBRL25zTmRIMzRBbmhXMytMSjRzYmJzdXN0ZEFBU2pxaXh5akpDL29FYlkrVHh6V2E4WDJvKwpGeHEyN0JlblpDaTdndkZvVWFWNGVkYmtvL3JpbHJyT3FkMUJNcVVmdXhKYW9DRGdRL01wY2NkYTh0UjVxR1JkCnRNZm1wdjFHbXFKano5aEx1aVZiMC9sd0tTZmxZbXRGTDgySXpCYUhEbkhLc3hLNXFlQkJSM0FaZW1STmN0dngKaW83S1dzR3duYUphNEkwMUd0eHozZ08yZURlUmNCUU5jVzFPYWVmZTZWZFBKT0dGaVNpUVVSVGR2SWhxT2tSbApJeFN2TzFXMEk0L2tETGFkbjkwVmNJZmx3clJ1aFp0RXRVMjY4cXI2Q3RXVEFxc0M0NTVjci9CYjYyczhIdWxvCmFacW5Ia3doaXFiSUlMR3dCREdiQ2Y0PQotLS0tLUVORCBDRVJUSUZJQ0FURS0tLS0tCg==\n    client-key-data: LS0tLS1CRUdJTiBSU0EgUFJJVkFURSBLRVktLS0tLQpNSUlKS2dJQkFBS0NBZ0VBd29DRFVFSjVxdkgvdXBteDhabmRJRDFaWW5vNDlRMEpRTTMyWkFTYXVnTi8xQ3pjCmk3YXZjVG5CM0ZNM2FKaFdvcmNpeDdrSzkvWHMycFN3Mkk2aDNLUTNyeVNVT3ZXT3BHaXdFdk5oSVo0cEJrcVUKQ0JEdkRJRXhVMThSeEtjdHNEa2xaanIyOWRHbDZ1L2tGaU52YzEwbGFOdDRNY3BLMktTeUVNUVRpNnZQd3I5ZwpDcWZSdE5zMitwOVlJbmdZTXNvQTZpWThNRE5kNGorcC9MdWFLNE5YUlRrMVZla1B6T01MT3MyRnpzdTJqakg5Cm1xT2VFaVM2MWtvSWZDZjIvZmlqR3Z3WFpxRWpVWGw3dGJ1cEVoV29UVnIzeFZyRzlwQm13L2R2S2VHcGR5Y0kKaFRCa1FvZXV5NjJyaVJlbmpteTNiTEM2NmFXR3RlMjRXODZpYW9OaVJjSWdDU0xSeTdsQXZSVURKaVp6SHFqNApkWlZPVFBNejFOSXZIQUNuYzEwMTByc2Jad2kxajBZRHlWdlo1YXMyS2J3LzRYbVJpV1ZwOURqQ3d3aWJVQzhwCklNUU9QNHF2V3ZvSlFzNGVtV0lnd2NlRDNudzU2S0tHOEN1T2NNR0ZLM1F0WSsremtEY1NSOCtCVURyTG56bTUKZ29sNS9ubGVwcW5qL1JnSjZET1BxUjdXUGFFUlZ5citWS1pTTTUwOXo1ZGhZZ0E2WTVVZjVhTUhMeVp5V1hnQgptZHB2eU5lT2VoMmVhdlpkazJ3QVMvY3Q4OER3SlN6Yld2ZzJhcWxwNTMxRHZSQ0lBWnppTURjVDFIYTlwYXFQClc3L2t6dWYwQVpURGs4TVdhVkUvZGdzeTdGRDNMbWMxUVJoejhuY1ZCc002dkQzdWk3YllwTlVzSnFFQ0F3RUEKQVFLQ0FnQTJEcTZ3VTFGcVkranR6VUtxQWRmMTJtY3AyZ3RUZkNTS3VOT1dkN3NqSU03Wnd3QW02b2EzUXRTdwo3Z1h6MFljZW9TU08rc3hrSHhzTm93N0ZtVnErTG52MWR3YWxubExmT2VOWjJQK3hicm83TCtZVm1kTStsL2VFCkV1T20wc245ZE55Q25iZSttVjV5UGVzWUJoQTNNWGV3dlhLWjcvMitXWVBONmhqK2xDbGhtSHZTYWxMNzM0TlgKdzRxa3hkai80S25CYWhBSFczZG41c2JSWWJpWENHRnNjVnB6L3Byd0dGZ3FKeTNkekR0NEtNZXh2M0N5M1RkNgpVRWdzYlpVVmdCR2c4ZGgxSXlya1BZM1c5QW1vNTVFSHN0VXpLaWdySmZZUjJBYXl6cStoV0oxakd4QjZkeWhyCkhtRVM4SnFXbUh1Z1B6d3JyT0FVVnpZS2VoTWtaMDlzV0JMTjVWOHZtdHQyanl1ZHJhZnF0aktBU1d1NkthSGUKeTNPb2hyNHBMYTVpdEp6OE1tVkFydkxlT0RDU0hVNkpIY3phbjd4UHh3ZUM3RnNXUS8xRHIzQWZkb1BpRHpoSQpNcytLbE0zQ1JNUWNycS9yRFdsUW00Nno0bmY4T2hUZ0pCMWo2SDdHVTZDQzhTSzFZTXNnbHpiQzhSbmRiclFZCmtIVEZOQUFPSFJxcS9Bd3VXcEFCNHpTRDIyUzdJQ1c2QmhFaEZZdVRjRDdMOVZndzFJcW5kYjk5MnhQeEpETXIKYTh1RkpTMzBmYVlld0h2T2xJbkgvWlE0UW1FY1hOdUVNeUdzRzF1Umxra0NlNWFRNFpMekYvRlJKQzRFVnRPaQovaDVVdTdCL1NZN2RVSk9xdXF0ODNGWmlENnZTUUcxRmd1WVRhOXN6ZGRhUWdPRmVRd0tDQVFFQS9OR3NXNk1KCkx4citFNlJaeG1yMmEzTFl2WkY5ek50UFFQVGo1a0t4bHh4a2QwN3R4Nkk4aTZkWVBLM2FVWHYwWTg5SE9FUFIKVEY4eTlPVzY1bWdLeEovZ04yd3ZqajYyRWhnaVIzYjZsNVhwb2hTWjNPanNsY0lpQnZEekVjUGxKVXVWRmJsNQoxMEt1QStGQ3djem9NS0cxNXp1bzc3Q2s2SmRXVDdsdGhxdFp5c0gxeHBoSGRNQTZqeVNJN20zM3BQL2RiaHJYClZUWEhjdnNnUFB0THhCcm5MVllPMVdtSi8wcHY2ay85SUU5VWJXR2dsTis3c0cvMzFVSS9DcUw0S1ExaEdHcWoKT050bmxmekFuMWtnNDdvS2RDb1JxVHpaYlJCUnZTVysvT0luRkJaTExGQTdhdEw5NlgzUlFqUlFOK1JqMkRDUQoyL0h2djN4SFlKMmpXd0tDQVFFQXhQTUFWSXVhWmFQL2x2NDF4bG80b3ltemliRFJtTzRQWktZeCs4T0xlR3l1CkU4TDZvellIZHp6Und5R3RCa3RHQmc4dk1ZaHR6UWozcEg1dkhHMGIxQWRjUU13YUJmRkNvanl6L2MyVW5lTS8KU0tsRWZFbklVSS9aNzFBSU01ckRkbnlPR1E2ZFZrNnRSenFScDdGOVp5Syt3SzdNNnhNbW0vQUlvVklZTkVZdwoyRUs1NElya1AvbHVsa3NoM2owWVZlczdQZUo2RXUrOUpMZ3BCZ3p0QWlUbjFUT0hONE1JenpJejR5T1R0ZnM0CmVNU1krbFcxazA5ZzhHZStmYUcrbTdheFBOdHFxQ045MEdsa1hsMDg1ckQ3c1ZjNStZdm54MlBCbFRCMWt2NFMKTDF0ZmJkMVd3Uk56SmV1VEIzb1lkUzVSZC9HN0ZoeE1XSHFLOVZJcXN3S0NBUUVBa09XMjdCcEg5RGg3TUZTOApvMHpBaUpxZEFDRDN3Y1piNlBXeC9GRnpLUkU3djJsOFBET09rZGZLYVpTV2tLY0RUWVVKNDRSeTIxdWdmOTErCnZma1pXdEhxbHJrcGxGUDYwK29ERTRSc1lSNnBkWnhyQnNKMGZleHl4aG1vcGlEcEh2UHZzVERKVlFkQlpyWGYKSmVYRG1jUEUxbzlKNW40T05jUXUwcWlLem1rOG9FbUVERnRRY09pUFoyVGdHZzdxcFNXRUNrdlY2RjlYUFY0Uwpmd0RqenJSQWxLcEMvQ3R0ek9RanVsNDN6Q0hMV0psZ2lKS21KcHcxcFlNL1VHQlE3RzVmbkxmWmJvZkpHWnh2CjVhUVdobzRrMmFrVzBERXd5Q0pYUnBud21VMGdhcEhRYWNoZUZYNXh5ald6RGtlZlJqbGV4QlFwb2ZWS25DdWwKV1FsZ0N3S0NBUUVBcUlVNUdoNmVEU3huemI1Vkt4VVY4MThDVmVYcllvMEl0Tm1VV1ZXMzZHSXVEWkMvdjVuQwpoNStONlFiT3MxMERYTG52YXRYUEJpc1BJenhnUEpXTHcwQk5DdERaejQzaHMwcDN4TXI4eUtDakRMeHhjbHY3CndCdG1vbVA3c0pSVGZmWVQ3Skxady9qc1FjOTJ4R09WNXdNTzczWml0eDZhNGNGZzBSQ2F6MWZrQVpnT3puaHAKMStmSlhXYUtZMHdwbjVMNURQblY5SkFZYXV2OWhrVFhKQWVLSzU2OHE1NCtrblBsZkF4OEhySUlYeVh4cy9wVQp0T2l1RE9ib1V6MXNDSGNwYnVaY2UrUnFpa016ODU2YU50Ym5kcFlwY0VMckgyeFhQeDNJN083amhvd0x1c2t5CnEyREdIWU5XT29hWm1PTDZLTVM1amJESERzcEVUcWR4Q3dLQ0FRRUFwOEFYUDEvcXZZZFFQVUVkUU13ajViY1kKTGRmZkdQWlI3ck9PTU0zd1hBazdpK1VBdERXVTBEZ2ptU2xRYmtuOXlGVldwWHM1Nk9WQ0wxd2VXMkRYZFQ3Mwp3K29aWTVZK2l4dnZXMWFFSGl5clZSYWhLY1dsWk02RXZpMENDcDBCTTk5MTZqQTBzL08rbFRlWE1GTm01Tkc4CjZVbmpmK0lIRDU0SzhjTm8wSXVmUE9LSm04ME9MTWs3b3c4UFRrMDZrN3RCSGV2VjNqQVhJaEY1RzRWMW1SNkQKSFRPVTM2U1h1bi9WSURrcFAzRzRnU0pjc2xmYkY0cmNqZGJCN0ZPa2JRWlNXRW1QcFlLc21oYnQ4VmZRK3RMegpuZG5LdjAzSE9YTFVBR1k0MURTVWUyMGxDZjZydllLM1NkbTA2VjE0MEo4Wlp2RzBnejB3UlZxYTVxS0VGUT09Ci0tLS0tRU5EIFJTQSBQUklWQVRFIEtFWS0tLS0tCg==\n    token: sddf9zc9bbenkwqrnszg7a9wagl4j2dxmz77a0hqc3owmrmvbfhwwd9tcwfppiqvkevitli6pdu1er53qkqem87ztfqieo8gueq1ikcx70wige8m2cia9ucddgfrbxne\n",
            "kubelet_identity": [
              {
                "client_id": "63a84a33-9d97-4a43-a307-5f82d13361bd",
                "object_id": "f3c456c9-edf0-4e23-9e0d-89745d231e5f",
                "user_assigned_identity_id": "/subscriptions/87e94b1c-cfbd-41ec-ba61-70615ae3cf03/resourceGroups/MC_cmtr-2j1y6jsc-mod8-rg_cmtr-2j1y6jsc-mod8-aks_eastus/providers/Microsoft.ManagedIdentity/userAssignedIdentities/cmtr-2j1y6jsc-mod8-aks-agentpool"
              }
            ],
            "kubernetes_version": "1.32",
            "linux_profile": [],
            "local_account_disabled": false,
            "location": "eastus",
            "maintenance_window": [],
            "maintenance_window_auto_upgrade": [],
            "maintenance_window_node_os": [],
            "microsoft_defender": [],
            "monitor_metrics": [],
            "name": "cmtr-2j1y6jsc-mod8-aks",
            "network_profile": [
              {
                "dns_service_ip": "10.0.0.10",
                "docker_bridge_cidr": "",
                "ebpf_data_plane": "",
                "ip_versions": [
                  "IPv4"
                ],
                "load_balancer_profile": [
                  {
                    "effective_outbound_ips": [
                      "/subscriptions/87e94b1c-cfbd-41ec-ba61-70615ae3cf03/resourceGroups/MC_cmtr-2j1y6jsc-mod8-rg_cmtr-2j1y6jsc-mod8-aks_eastus/providers/Microsoft.Network/publicIPAddresses/81c2783e-33ff-4e92-bf97-f425b5216121"
                    ],
                    "idle_timeout_in_minutes": 0,
                    "managed_outbound_ip_count": 1,
                    "managed_outbound_ipv6_count": 0,
                    "outbound_ip_address_ids": [],
                    "outbound_ip_prefix_ids": [],
                    "outbound_ports_allocated": 0
                  }
                ],
                "load_balancer_sku": "standard",
                "nat_gateway_profile": [],
                "network_data_plane": "azure",
                "network_mode": "",
                "network_plugin": "azure",
                "network_plugin_mode": "overlay",
                "network_policy": "",
                "outbound_ip_address_ids": [],
                "outbound_ip_prefix_ids": [],
                "outbound_type": "loadBalancer",
                "pod_cidr": "10.244.0.0/16",
                "pod_cidrs": [
                  "10.244.0.0/16"
                ],
                "service_cidr": "10.0.0.0/16",
                "service_cidrs": [
                  "10.0.0.0/16"
                ]
              }
            ],
            "node_os_channel_upgrade": null,
            "node_resource_group": "MC_cmtr-2j1y6jsc-mod8-rg_cmtr-2j1y6jsc-mod8-aks_eastus",
            "node_resource_group_id": "/subscriptions/87e94b1c-cfbd-41ec-ba61-70615ae3cf03/resourceGroups/MC_cmtr-2j1y6jsc-mod8-rg_cmtr-2j1y6jsc-mod8-aks_eastus",
            "oidc_issuer_enabled": false,
            "oidc_issuer_url": "",
            "oms_agent": [],
            "open_service_mesh_enabled": false,
            "portal_fqdn": "cmtr-2j1y6jsc-mod8-aks-dns-8rvhtg7o.portal.hcp.eastus.azmk8s.io",
            "private_cluster_enabled": false,
            "private_cluster_public_fqdn_enabled": false,
            "private_dns_zone_id": "",
            "private_fqdn": "",
            "public_network_access_enabled": true,
            "resource_group_name": "cmtr-2j1y6jsc-mod8-rg",
            "role_based_access_control_enabled": true,
            "run_command_enabled": true,
            "service_mesh_profile": [],
            "service_principal": [],
            "sku_tier": "Free",
            "storage_profile": [],
            "support_plan": "KubernetesOfficial",
            "tags": {
              "Creator": "ioann_dubinets@epam.com"
            },
            "timeouts": null,
            "web_app_routing": [],
            "windows_profile": [],
            "workload_autoscaler_profile": [],
            "workload_identity_enabled": false
          },
          "sensitive_attributes": [
            [
              {
                "type": "get_attr",
                "value": "kube_admin_config"
              }
            ],
            [
              {
                "type": "get_attr",
                "value": "kube_admin_config_raw"
              }
            ],
            [
              {
                "type": "get_attr",
                "value": "kube_config"
              }
            ],
            [
              {
                "type": "get_attr",
                "value": "kube_config_raw"
              }
            ]
          ],
          "identity_schema_version": 0,
          "private": "eyJlMmJmYjczMC1lY2FhLTExZTYtOGY4OC0zNDM2M2JjN2M0YzAiOnsiY3JlYXRlIjo1NDAwMDAwMDAwMDAwLCJkZWxldGUiOjU0MDAwMDAwMDAwMDAsInJlYWQiOjMwMDAwMDAwMDAwMCwidXBkYXRlIjo1NDAwMDAwMDAwMDAwfSwic2NoZW1hX3ZlcnNpb24iOiIyIn0=",
          "dependencies": [
            "azurerm_resource_group.rg",
            "data.azurerm_client_config.current",
            "module.acr.azurerm_container_registry.acr",
            "module.acr.azurerm_container_registry_task.build_app",
            "module.keyvault.azurerm_key_vault.kv",
            "module.keyvault.azurerm_key_vault_access_policy.current_user"
          ]
        }
      ]
    },
    {
      "module": "module.aks",
      "mode": "managed",
      "type": "azurerm_role_assignment",
      "name": "aks_acr_pull",
      "provider": "provider[\"registry.terraform.io/hashicorp/azurerm\"]",
      "instances": [
        {
          "schema_version": 0,
          "attributes": {
            "condition": "",
            "condition_version": "",
            "delegated_managed_identity_resource_id": "",
            "description": "",
            "id": "/subscriptions/87e94b1c-cfbd-41ec-ba61-70615ae3cf03/resourceGroups/cmtr-2j1y6jsc-mod8-rg/providers/Microsoft.ContainerRegistry/registries/cmtr2j1y6jscmod8cr/providers/Microsoft.Authorization/roleAssignments/b6ed4210-b7eb-5b9f-de8b-d3064c8ba290",
            "name": "b6ed4210-b7eb-5b9f-de8b-d3064c8ba290",
            "principal_id": "98edde21-b455-4d11-85bc-d7cbc60716ca",
            "principal_type": "ServicePrincipal",
            "role_definition_id": "/subscriptions/87e94b1c-cfbd-41ec-ba61-70615ae3cf03/providers/Microsoft.Authorization/roleDefinitions/7f951dda-4ed3-4680-a7ca-43fe172d538d",
            "role_definition_name": "AcrPull",
            "scope": "/subscriptions/87e94b1c-cfbd-41ec-ba61-70615ae3cf03/resourceGroups/cmtr-2j1y6jsc-mod8-rg/providers/Microsoft.ContainerRegistry/registries/cmtr2j1y6jscmod8cr",
            "skip_service_principal_aad_check": null,
            "timeouts": null
          },
          "sensitive_attributes": [],
          "identity_schema_version": 0,
          "private": "eyJlMmJmYjczMC1lY2FhLTExZTYtOGY4OC0zNDM2M2JjN2M0YzAiOnsiY3JlYXRlIjoxODAwMDAwMDAwMDAwLCJkZWxldGUiOjE4MDAwMDAwMDAwMDAsInJlYWQiOjMwMDAwMDAwMDAwMH19",
          "dependencies": [
            "azurerm_resource_group.rg",
            "data.azurerm_client_config.current",
            "module.acr.azurerm_container_registry.acr",
            "module.acr.azurerm_container_registry_task.build_app",
            "module.aks.azurerm_kubernetes_cluster.aks",
            "module.keyvault.azurerm_key_vault.kv",
            "module.keyvault.azurerm_key_vault_access_policy.current_user"
          ]
        }
      ]
    },
    {
      "module": "module.keyvault",
      "mode": "managed",
      "type": "azurerm_key_vault",
      "name": "kv",
      "provider": "provider[\"registry.terraform.io/hashicorp/azurerm\"]",
      "instances": [
        {
          "schema_version": 2,
          "attributes": {
            "access_policy": [],
            "contact": [],
            "enable_rbac_authorization": false,
            "enabled_for_deployment": false,
            "enabled_for_disk_encryption": false,
            "enabled_for_template_deployment": true,
            "id": "/subscriptions/87e94b1c-cfbd-41ec-ba61-70615ae3cf03/resourceGroups/cmtr-2j1y6jsc-mod8-rg/providers/Microsoft.KeyVault/vaults/cmtr-2j1y6jsc-mod8-kv",
            "location": "eastus",
            "name": "cmtr-2j1y6jsc-mod8-kv",
            "network_acls": [
              {
                "bypass": "AzureServices",
                "default_action": "Allow",
                "ip_rules": [],
                "virtual_network_subnet_ids": []
              }
            ],
            "public_network_access_enabled": true,
            "purge_protection_enabled": false,
            "resource_group_name": "cmtr-2j1y6jsc-mod8-rg",
            "sku_name": "standard",
            "soft_delete_retention_days": 90,
            "tags": {
              "Creator": "ioann_dubinets@epam.com"
            },
            "tenant_id": "b41b72d0-4e9f-4c26-8a69-f949f367c91d",
            "timeouts": null,
            "vault_uri": "https://cmtr-2j1y6jsc-mod8-kv.vault.azure.net/"
          },
          "sensitive_attributes": [],
          "identity_schema_version": 0,
          "private": "eyJlMmJmYjczMC1lY2FhLTExZTYtOGY4OC0zNDM2M2JjN2M0YzAiOnsiY3JlYXRlIjoxODAwMDAwMDAwMDAwLCJkZWxldGUiOjE4MDAwMDAwMDAwMDAsInJlYWQiOjMwMDAwMDAwMDAwMCwidXBkYXRlIjoxODAwMDAwMDAwMDAwfSwic2NoZW1hX3ZlcnNpb24iOiIyIn0=",
          "dependencies": [
            "azurerm_resource_group.rg",
            "data.azurerm_client_config.current"
          ]
        }
      ]
    },
    {
      "module": "module.keyvault",
      "mode": "managed",
      "type": "azurerm_key_vault_access_policy",
      "name": "current_user",
      "provider": "provider[\"registry.terraform.io/hashicorp/azurerm\"]",
      "instances": [
        {
          "schema_version": 0,
          "attributes": {
            "application_id": null,
            "certificate_permissions": null,
            "id": "/subscriptions/87e94b1c-cfbd-41ec-ba61-70615ae3cf03/resourceGroups/cmtr-2j1y6jsc-mod8-rg/providers/Microsoft.KeyVault/vaults/cmtr-2j1y6jsc-mod8-kv/objectId/6e74a75e-a84b-4c0b-964f-6fd07fdf748b",
            "key_permissions": null,
            "key_vault_id": "/subscriptions/87e94b1c-cfbd-41ec-ba61-70615ae3cf03/resourceGroups/cmtr-2j1y6jsc-mod8-rg/providers/Microsoft.KeyVault/vaults/cmtr-2j1y6jsc-mod8-kv",
            "object_id": "6e74a75e-a84b-4c0b-964f-6fd07fdf748b",
            "secret_permissions": [
              "Get",
              "List",
              "Set",
              "Delete",
              "Purge",
              "Recover"
            ],
            "storage_permissions": null,
            "tenant_id": "b41b72d0-4e9f-4c26-8a69-f949f367c91d",
            "timeouts": null
          },
          "sensitive_attributes": [],
          "identity_schema_version": 0,
          "private": "eyJlMmJmYjczMC1lY2FhLTExZTYtOGY4OC0zNDM2M2JjN2M0YzAiOnsiY3JlYXRlIjoxODAwMDAwMDAwMDAwLCJkZWxldGUiOjE4MDAwMDAwMDAwMDAsInJlYWQiOjMwMDAwMDAwMDAwMCwidXBkYXRlIjoxODAwMDAwMDAwMDAwfX0=",
          "dependencies": [
            "azurerm_resource_group.rg",
            "data.azurerm_client_config.current",
            "module.keyvault.azurerm_key_vault.kv"
          ]
        }
      ]
    },
    {
      "module": "module.redis",
      "mode": "managed",
      "type": "azurerm_key_vault_secret",
      "name": "redis_hostname",
      "provider": "provider[\"registry.terraform.io/hashicorp/azurerm\"]",
      "instances": [
        {
          "schema_version": 0,
          "attributes": {
            "content_type": "",
            "expiration_date": null,
            "id": "https://cmtr-2j1y6jsc-mod8-kv.vault.azure.net/secrets/redis-hostname/46edc964138a47bc960ff6804ac11c83",
            "key_vault_id": "/subscriptions/87e94b1c-cfbd-41ec-ba61-70615ae3cf03/resourceGroups/cmtr-2j1y6jsc-mod8-rg/providers/Microsoft.KeyVault/vaults/cmtr-2j1y6jsc-mod8-kv",
            "name": "redis-hostname",
            "not_before_date": null,
            "resource_id": "/subscriptions/87e94b1c-cfbd-41ec-ba61-70615ae3cf03/resourceGroups/cmtr-2j1y6jsc-mod8-rg/providers/Microsoft.KeyVault/vaults/cmtr-2j1y6jsc-mod8-kv/secrets/redis-hostname/versions/46edc964138a47bc960ff6804ac11c83",
            "resource_versionless_id": "/subscriptions/87e94b1c-cfbd-41ec-ba61-70615ae3cf03/resourceGroups/cmtr-2j1y6jsc-mod8-rg/providers/Microsoft.KeyVault/vaults/cmtr-2j1y6jsc-mod8-kv/secrets/redis-hostname",
            "tags": null,
            "timeouts": null,
            "value": "cmtr-2j1y6jsc-mod8-redis.redis.cache.windows.net",
            "version": "46edc964138a47bc960ff6804ac11c83",
            "versionless_id": "https://cmtr-2j1y6jsc-mod8-kv.vault.azure.net/secrets/redis-hostname"
          },
          "sensitive_attributes": [
            [
              {
                "type": "get_attr",
                "value": "value"
              }
            ]
          ],
          "identity_schema_version": 0,
          "private": "eyJlMmJmYjczMC1lY2FhLTExZTYtOGY4OC0zNDM2M2JjN2M0YzAiOnsiY3JlYXRlIjoxODAwMDAwMDAwMDAwLCJkZWxldGUiOjE4MDAwMDAwMDAwMDAsInJlYWQiOjE4MDAwMDAwMDAwMDAsInVwZGF0ZSI6MTgwMDAwMDAwMDAwMH19",
          "dependencies": [
            "azurerm_resource_group.rg",
            "data.azurerm_client_config.current",
            "module.keyvault.azurerm_key_vault.kv",
            "module.keyvault.azurerm_key_vault_access_policy.current_user",
            "module.redis.azurerm_redis_cache.redis_cache"
          ]
        }
      ]
    },
    {
      "module": "module.redis",
      "mode": "managed",
      "type": "azurerm_key_vault_secret",
      "name": "redis_primary_key",
      "provider": "provider[\"registry.terraform.io/hashicorp/azurerm\"]",
      "instances": [
        {
          "schema_version": 0,
          "attributes": {
            "content_type": "",
            "expiration_date": null,
            "id": "https://cmtr-2j1y6jsc-mod8-kv.vault.azure.net/secrets/redis-primary-key/7e4359ac567a446a80313b8759e20708",
            "key_vault_id": "/subscriptions/87e94b1c-cfbd-41ec-ba61-70615ae3cf03/resourceGroups/cmtr-2j1y6jsc-mod8-rg/providers/Microsoft.KeyVault/vaults/cmtr-2j1y6jsc-mod8-kv",
            "name": "redis-primary-key",
            "not_before_date": null,
            "resource_id": "/subscriptions/87e94b1c-cfbd-41ec-ba61-70615ae3cf03/resourceGroups/cmtr-2j1y6jsc-mod8-rg/providers/Microsoft.KeyVault/vaults/cmtr-2j1y6jsc-mod8-kv/secrets/redis-primary-key/versions/7e4359ac567a446a80313b8759e20708",
            "resource_versionless_id": "/subscriptions/87e94b1c-cfbd-41ec-ba61-70615ae3cf03/resourceGroups/cmtr-2j1y6jsc-mod8-rg/providers/Microsoft.KeyVault/vaults/cmtr-2j1y6jsc-mod8-kv/secrets/redis-primary-key",
            "tags": null,
            "timeouts": null,
            "value": "UWI68aUaHRt18IoYItptMFhCGvyTcvAzTAzCaFOCX4A=",
            "version": "7e4359ac567a446a80313b8759e20708",
            "versionless_id": "https://cmtr-2j1y6jsc-mod8-kv.vault.azure.net/secrets/redis-primary-key"
          },
          "sensitive_attributes": [
            [
              {
                "type": "get_attr",
                "value": "value"
              }
            ]
          ],
          "identity_schema_version": 0,
          "private": "eyJlMmJmYjczMC1lY2FhLTExZTYtOGY4OC0zNDM2M2JjN2M0YzAiOnsiY3JlYXRlIjoxODAwMDAwMDAwMDAwLCJkZWxldGUiOjE4MDAwMDAwMDAwMDAsInJlYWQiOjE4MDAwMDAwMDAwMDAsInVwZGF0ZSI6MTgwMDAwMDAwMDAwMH19",
          "dependencies": [
            "azurerm_resource_group.rg",
            "data.azurerm_client_config.current",
            "module.keyvault.azurerm_key_vault.kv",
            "module.keyvault.azurerm_key_vault_access_policy.current_user",
            "module.redis.azurerm_redis_cache.redis_cache"
          ]
        }
      ]
    },
    {
      "module": "module.redis",
      "mode": "managed",
      "type": "azurerm_redis_cache",
      "name": "redis_cache",
      "provider": "provider[\"registry.terraform.io/hashicorp/azurerm\"]",
      "instances": [
        {
          "schema_version": 1,
          "attributes": {
            "capacity": 2,
            "enable_non_ssl_port": false,
            "family": "C",
            "hostname": "cmtr-2j1y6jsc-mod8-redis.redis.cache.windows.net",
            "id": "/subscriptions/87e94b1c-cfbd-41ec-ba61-70615ae3cf03/resourceGroups/cmtr-2j1y6jsc-mod8-rg/providers/Microsoft.Cache/redis/cmtr-2j1y6jsc-mod8-redis",
            "identity": [],
            "location": "eastus",
            "minimum_tls_version": "1.2",
            "name": "cmtr-2j1y6jsc-mod8-redis",
            "non_ssl_port_enabled": false,
            "patch_schedule": [],
            "port": 6379,
            "primary_access_key": "UWI68aUaHRt18IoYItptMFhCGvyTcvAzTAzCaFOCX4A=",
            "primary_connection_string": "cmtr-2j1y6jsc-mod8-redis.redis.cache.windows.net:6380,password=UWI68aUaHRt18IoYItptMFhCGvyTcvAzTAzCaFOCX4A=,ssl=true,abortConnect=False",
            "private_static_ip_address": "",
            "public_network_access_enabled": true,
            "redis_configuration": [
              {
                "active_directory_authentication_enabled": false,
                "aof_backup_enabled": false,
                "aof_storage_connection_string_0": "",
                "aof_storage_connection_string_1": "",
                "authentication_enabled": true,
                "data_persistence_authentication_method": "",
                "enable_authentication": true,
                "maxclients": 2000,
                "maxfragmentationmemory_reserved": 299,
                "maxmemory_delta": 299,
                "maxmemory_policy": "",
                "maxmemory_reserved": 299,
                "notify_keyspace_events": "",
                "rdb_backup_enabled": false,
                "rdb_backup_frequency": 0,
                "rdb_backup_max_snapshot_count": 0,
                "rdb_storage_connection_string": "",
                "storage_account_subscription_id": ""
              }
            ],
            "redis_version": "6.0",
            "replicas_per_master": 0,
            "replicas_per_primary": 0,
            "resource_group_name": "cmtr-2j1y6jsc-mod8-rg",
            "secondary_access_key": "ey0p3p1Uq2E5W85NtsUhTeYtBQX7OME2vAzCaJRQldA=",
            "secondary_connection_string": "cmtr-2j1y6jsc-mod8-redis.redis.cache.windows.net:6380,password=ey0p3p1Uq2E5W85NtsUhTeYtBQX7OME2vAzCaJRQldA=,ssl=true,abortConnect=False",
            "shard_count": 0,
            "sku_name": "Basic",
            "ssl_port": 6380,
            "subnet_id": "",
            "tags": {
              "Creator": "ioann_dubinets@epam.com"
            },
            "tenant_settings": null,
            "timeouts": null,
            "zones": null
          },
          "sensitive_attributes": [
            [
              {
                "type": "get_attr",
                "value": "primary_access_key"
              }
            ],
            [
              {
                "type": "get_attr",
                "value": "primary_connection_string"
              }
            ],
            [
              {
                "type": "get_attr",
                "value": "redis_configuration"
              },
              {
                "type": "index",
                "value": {
                  "value": 0,
                  "type": "number"
                }
              },
              {
                "type": "get_attr",
                "value": "aof_storage_connection_string_0"
              }
            ],
            [
              {
                "type": "get_attr",
                "value": "redis_configuration"
              },
              {
                "type": "index",
                "value": {
                  "value": 0,
                  "type": "number"
                }
              },
              {
                "type": "get_attr",
                "value": "aof_storage_connection_string_1"
              }
            ],
            [
              {
                "type": "get_attr",
                "value": "redis_configuration"
              },
              {
                "type": "index",
                "value": {
                  "value": 0,
                  "type": "number"
                }
              },
              {
                "type": "get_attr",
                "value": "rdb_storage_connection_string"
              }
            ],
            [
              {
                "type": "get_attr",
                "value": "secondary_access_key"
              }
            ],
            [
              {
                "type": "get_attr",
                "value": "secondary_connection_string"
              }
            ]
          ],
          "identity_schema_version": 0,
          "private": "eyJlMmJmYjczMC1lY2FhLTExZTYtOGY4OC0zNDM2M2JjN2M0YzAiOnsiY3JlYXRlIjoxMDgwMDAwMDAwMDAwMCwiZGVsZXRlIjoxMDgwMDAwMDAwMDAwMCwicmVhZCI6MzAwMDAwMDAwMDAwLCJ1cGRhdGUiOjEwODAwMDAwMDAwMDAwfSwic2NoZW1hX3ZlcnNpb24iOiIxIn0=",
          "dependencies": [
            "azurerm_resource_group.rg",
            "data.azurerm_client_config.current",
            "module.keyvault.azurerm_key_vault.kv",
            "module.keyvault.azurerm_key_vault_access_policy.current_user"
          ]
        }
      ]
    }
  ],
  "check_results": null
}
